// !$*UTF8*$!
{
	archiveVersion = 1;
	classes = {
	};
	objectVersion = 48;
	objects = {

/* Begin PBXBuildFile section */
		250A49C91FE3DD2200F56C17 /* VideoToolbox.framework in Frameworks */ = {isa = PBXBuildFile; fileRef = 250A49C81FE3DD2200F56C17 /* VideoToolbox.framework */; };
		250A49CB1FE3DD4400F56C17 /* AVFoundation.framework in Frameworks */ = {isa = PBXBuildFile; fileRef = 250A49CA1FE3DD4400F56C17 /* AVFoundation.framework */; };
		250A49CD1FE3DD4C00F56C17 /* CoreGraphics.framework in Frameworks */ = {isa = PBXBuildFile; fileRef = 250A49CC1FE3DD4C00F56C17 /* CoreGraphics.framework */; };
		250A49CF1FE3DD9600F56C17 /* CoreMedia.framework in Frameworks */ = {isa = PBXBuildFile; fileRef = 250A49CE1FE3DD9600F56C17 /* CoreMedia.framework */; };
		250A49D11FE3DD9E00F56C17 /* CoreVideo.framework in Frameworks */ = {isa = PBXBuildFile; fileRef = 250A49D01FE3DD9E00F56C17 /* CoreVideo.framework */; };
		250A49D31FE3DDA800F56C17 /* libbz2.tbd in Frameworks */ = {isa = PBXBuildFile; fileRef = 250A49D21FE3DDA800F56C17 /* libbz2.tbd */; };
		250A49D51FE3DDB100F56C17 /* libz.tbd in Frameworks */ = {isa = PBXBuildFile; fileRef = 250A49D41FE3DDB100F56C17 /* libz.tbd */; };
		250A49D71FE3DDBC00F56C17 /* MediaPlayer.framework in Frameworks */ = {isa = PBXBuildFile; fileRef = 250A49D61FE3DDBC00F56C17 /* MediaPlayer.framework */; };
		250A49D91FE3DDC600F56C17 /* MobileCoreServices.framework in Frameworks */ = {isa = PBXBuildFile; fileRef = 250A49D81FE3DDC600F56C17 /* MobileCoreServices.framework */; };
		250A49DB1FE3DDD100F56C17 /* OpenGLES.framework in Frameworks */ = {isa = PBXBuildFile; fileRef = 250A49DA1FE3DDD100F56C17 /* OpenGLES.framework */; };
		250A49DD1FE3DDDA00F56C17 /* QuartzCore.framework in Frameworks */ = {isa = PBXBuildFile; fileRef = 250A49DC1FE3DDDA00F56C17 /* QuartzCore.framework */; };
		250A49DF1FE3DDE300F56C17 /* UIKit.framework in Frameworks */ = {isa = PBXBuildFile; fileRef = 250A49DE1FE3DDE300F56C17 /* UIKit.framework */; };
		250A49E31FE3DF9900F56C17 /* libc++.tbd in Frameworks */ = {isa = PBXBuildFile; fileRef = 250A49E21FE3DF9900F56C17 /* libc++.tbd */; };
		250F1E9A1FFCE6A300F564AD /* Player.xcassets in Resources */ = {isa = PBXBuildFile; fileRef = 250F1E991FFCE6A300F564AD /* Player.xcassets */; };
		25436B0221E0995700036057 /* SmallPlayerView.m in Sources */ = {isa = PBXBuildFile; fileRef = 25436AA721E0995700036057 /* SmallPlayerView.m */; };
		25436B0321E0995700036057 /* PlayerSimpleView.m in Sources */ = {isa = PBXBuildFile; fileRef = 25436AAA21E0995700036057 /* PlayerSimpleView.m */; };
		25436B0421E0995700036057 /* TableViewCell.m in Sources */ = {isa = PBXBuildFile; fileRef = 25436AAE21E0995700036057 /* TableViewCell.m */; };
		25436B0521E0995700036057 /* MCController.m in Sources */ = {isa = PBXBuildFile; fileRef = 25436AB121E0995700036057 /* MCController.m */; };
		25436B0621E0995700036057 /* CollectionCell.m in Sources */ = {isa = PBXBuildFile; fileRef = 25436AB321E0995700036057 /* CollectionCell.m */; };
		25436B0721E0995700036057 /* Dto.m in Sources */ = {isa = PBXBuildFile; fileRef = 25436AB421E0995700036057 /* Dto.m */; };
		25436B0821E0995700036057 /* DataVM.m in Sources */ = {isa = PBXBuildFile; fileRef = 25436AB721E0995700036057 /* DataVM.m */; };
		25436B0921E0995700036057 /* MCNavigationController.m in Sources */ = {isa = PBXBuildFile; fileRef = 25436AB921E0995700036057 /* MCNavigationController.m */; };
		25436B0A21E0995700036057 /* MCTouchTestController.m in Sources */ = {isa = PBXBuildFile; fileRef = 25436ABD21E0995700036057 /* MCTouchTestController.m */; };
		25436B0B21E0995700036057 /* CustomPlayerFont.json in Resources */ = {isa = PBXBuildFile; fileRef = 25436AC121E0995700036057 /* CustomPlayerFont.json */; };
		25436B0C21E0995700036057 /* CustomPlayerStyle.json in Resources */ = {isa = PBXBuildFile; fileRef = 25436AC221E0995700036057 /* CustomPlayerStyle.json */; };
		25436B0D21E0995700036057 /* NormalPlayer.xcassets in Resources */ = {isa = PBXBuildFile; fileRef = 25436AC321E0995700036057 /* NormalPlayer.xcassets */; };
		25436B0E21E0995700036057 /* CustomPlayerColor.json in Resources */ = {isa = PBXBuildFile; fileRef = 25436AC421E0995700036057 /* CustomPlayerColor.json */; };
		25436B0F21E0995700036057 /* MCPlayerGeneralController.m in Sources */ = {isa = PBXBuildFile; fileRef = 25436AC721E0995700036057 /* MCPlayerGeneralController.m */; };
		25436B1121E0995700036057 /* MCPlayerNormalDataVM.m in Sources */ = {isa = PBXBuildFile; fileRef = 25436ACC21E0995700036057 /* MCPlayerNormalDataVM.m */; };
		25436B1221E0995700036057 /* MCPlayerNormalDto.m in Sources */ = {isa = PBXBuildFile; fileRef = 25436ACD21E0995700036057 /* MCPlayerNormalDto.m */; };
		25436B1321E0995700036057 /* PlayerCategroryDto.m in Sources */ = {isa = PBXBuildFile; fileRef = 25436ACF21E0995700036057 /* PlayerCategroryDto.m */; };
		25436B1421E0995700036057 /* PlayerCategroiesDataVM.m in Sources */ = {isa = PBXBuildFile; fileRef = 25436AD021E0995700036057 /* PlayerCategroiesDataVM.m */; };
		25436B1521E0995700036057 /* PlayerCategroiesTableController.m in Sources */ = {isa = PBXBuildFile; fileRef = 25436AD121E0995700036057 /* PlayerCategroiesTableController.m */; };
		25436B1621E0995700036057 /* PlayerCategroryCell.m in Sources */ = {isa = PBXBuildFile; fileRef = 25436AD621E0995700036057 /* PlayerCategroryCell.m */; };
		25436B1721E0995700036057 /* TableViewPlaceHolderCell.m in Sources */ = {isa = PBXBuildFile; fileRef = 25436AD821E0995700036057 /* TableViewPlaceHolderCell.m */; };
		25436B1821E0995700036057 /* ScrollPlayerDataVM.m in Sources */ = {isa = PBXBuildFile; fileRef = 25436ADA21E0995700036057 /* ScrollPlayerDataVM.m */; };
		25436B1921E0995700036057 /* PlayerSimpleViewCell.m in Sources */ = {isa = PBXBuildFile; fileRef = 25436ADB21E0995700036057 /* PlayerSimpleViewCell.m */; };
		25436B1A21E0995700036057 /* ScrollPlayerController.m in Sources */ = {isa = PBXBuildFile; fileRef = 25436ADF21E0995700036057 /* ScrollPlayerController.m */; };
		25436B1B21E0995700036057 /* VideoDto.m in Sources */ = {isa = PBXBuildFile; fileRef = 25436AE121E0995700036057 /* VideoDto.m */; };
		25436B1C21E0995700036057 /* MCDouyinPlayerView.m in Sources */ = {isa = PBXBuildFile; fileRef = 25436AE321E0995700036057 /* MCDouyinPlayerView.m */; };
		25436B1D21E0995700036057 /* MCDouyinPlayerDataVM.m in Sources */ = {isa = PBXBuildFile; fileRef = 25436AE421E0995700036057 /* MCDouyinPlayerDataVM.m */; };
		25436B1E21E0995700036057 /* MCDouyinPlayerCell.m in Sources */ = {isa = PBXBuildFile; fileRef = 25436AE521E0995700036057 /* MCDouyinPlayerCell.m */; };
		25436B1F21E0995700036057 /* MCDouyinPlayerListController.m in Sources */ = {isa = PBXBuildFile; fileRef = 25436AE621E0995700036057 /* MCDouyinPlayerListController.m */; };
		25436B2021E0995700036057 /* ScrollPlayer2SmallPlayerController.m in Sources */ = {isa = PBXBuildFile; fileRef = 25436AED21E0995700036057 /* ScrollPlayer2SmallPlayerController.m */; };
		25436B2121E0995700036057 /* UIColor+Hex.m in Sources */ = {isa = PBXBuildFile; fileRef = 25436AEF21E0995700036057 /* UIColor+Hex.m */; };
		25436B2221E0995700036057 /* MMAlertView.m in Sources */ = {isa = PBXBuildFile; fileRef = 25436AF321E0995700036057 /* MMAlertView.m */; };
		25436B2321E0995700036057 /* MMSheetView.m in Sources */ = {isa = PBXBuildFile; fileRef = 25436AF421E0995700036057 /* MMSheetView.m */; };
		25436B2421E0995700036057 /* MMWindowController.m in Sources */ = {isa = PBXBuildFile; fileRef = 25436AF621E0995700036057 /* MMWindowController.m */; };
		25436B2521E0995700036057 /* MMPopupCategory.m in Sources */ = {isa = PBXBuildFile; fileRef = 25436AF721E0995700036057 /* MMPopupCategory.m */; };
		25436B2621E0995700036057 /* MMPopupWindow.m in Sources */ = {isa = PBXBuildFile; fileRef = 25436AF921E0995700036057 /* MMPopupWindow.m */; };
		25436B2721E0995700036057 /* MMPopupView.m in Sources */ = {isa = PBXBuildFile; fileRef = 25436AFD21E0995700036057 /* MMPopupView.m */; };
		25436B2821E0995700036057 /* MMPopupItem.m in Sources */ = {isa = PBXBuildFile; fileRef = 25436B0021E0995700036057 /* MMPopupItem.m */; };
		25A536D01FDA9DFA002511DF /* AppDelegate.m in Sources */ = {isa = PBXBuildFile; fileRef = 25A536CF1FDA9DFA002511DF /* AppDelegate.m */; };
		25A536D81FDA9DFA002511DF /* Assets.xcassets in Resources */ = {isa = PBXBuildFile; fileRef = 25A536D71FDA9DFA002511DF /* Assets.xcassets */; };
		25A536DB1FDA9DFA002511DF /* LaunchScreen.storyboard in Resources */ = {isa = PBXBuildFile; fileRef = 25A536D91FDA9DFA002511DF /* LaunchScreen.storyboard */; };
		25A536DE1FDA9DFA002511DF /* main.m in Sources */ = {isa = PBXBuildFile; fileRef = 25A536DD1FDA9DFA002511DF /* main.m */; };
		25B1791B22212A2F00381793 /* VideoList.json in Resources */ = {isa = PBXBuildFile; fileRef = 25B1791A22212A2F00381793 /* VideoList.json */; };
		3B3F235F10699A53D5F36D28 /* libPods-PlayerKitDemo.a in Frameworks */ = {isa = PBXBuildFile; fileRef = 08E35018D0726C1C19647408 /* libPods-PlayerKitDemo.a */; };
/* End PBXBuildFile section */

/* Begin PBXCopyFilesBuildPhase section */
		25B2FAA31FE11EA900AFE8AC /* Embed Frameworks */ = {
			isa = PBXCopyFilesBuildPhase;
			buildActionMask = 2147483647;
			dstPath = "";
			dstSubfolderSpec = 10;
			files = (
			);
			name = "Embed Frameworks";
			runOnlyForDeploymentPostprocessing = 0;
		};
/* End PBXCopyFilesBuildPhase section */

/* Begin PBXFileReference section */
		08E35018D0726C1C19647408 /* libPods-PlayerKitDemo.a */ = {isa = PBXFileReference; explicitFileType = archive.ar; includeInIndex = 0; path = "libPods-PlayerKitDemo.a"; sourceTree = BUILT_PRODUCTS_DIR; };
		1A666DE1C95A6C8406800B42 /* MCPlayerKit.podspec */ = {isa = PBXFileReference; lastKnownFileType = file.podspec; name = MCPlayerKit.podspec; path = ../MCPlayerKit.podspec; sourceTree = "<group>"; };
		1A666E6D57BF2501FF33F988 /* README.md */ = {isa = PBXFileReference; fileEncoding = 4; lastKnownFileType = net.daringfireball.markdown; name = README.md; path = ../README.md; sourceTree = "<group>"; };
		250A49C81FE3DD2200F56C17 /* VideoToolbox.framework */ = {isa = PBXFileReference; lastKnownFileType = wrapper.framework; name = VideoToolbox.framework; path = System/Library/Frameworks/VideoToolbox.framework; sourceTree = SDKROOT; };
		250A49CA1FE3DD4400F56C17 /* AVFoundation.framework */ = {isa = PBXFileReference; lastKnownFileType = wrapper.framework; name = AVFoundation.framework; path = System/Library/Frameworks/AVFoundation.framework; sourceTree = SDKROOT; };
		250A49CC1FE3DD4C00F56C17 /* CoreGraphics.framework */ = {isa = PBXFileReference; lastKnownFileType = wrapper.framework; name = CoreGraphics.framework; path = System/Library/Frameworks/CoreGraphics.framework; sourceTree = SDKROOT; };
		250A49CE1FE3DD9600F56C17 /* CoreMedia.framework */ = {isa = PBXFileReference; lastKnownFileType = wrapper.framework; name = CoreMedia.framework; path = System/Library/Frameworks/CoreMedia.framework; sourceTree = SDKROOT; };
		250A49D01FE3DD9E00F56C17 /* CoreVideo.framework */ = {isa = PBXFileReference; lastKnownFileType = wrapper.framework; name = CoreVideo.framework; path = System/Library/Frameworks/CoreVideo.framework; sourceTree = SDKROOT; };
		250A49D21FE3DDA800F56C17 /* libbz2.tbd */ = {isa = PBXFileReference; lastKnownFileType = "sourcecode.text-based-dylib-definition"; name = libbz2.tbd; path = usr/lib/libbz2.tbd; sourceTree = SDKROOT; };
		250A49D41FE3DDB100F56C17 /* libz.tbd */ = {isa = PBXFileReference; lastKnownFileType = "sourcecode.text-based-dylib-definition"; name = libz.tbd; path = usr/lib/libz.tbd; sourceTree = SDKROOT; };
		250A49D61FE3DDBC00F56C17 /* MediaPlayer.framework */ = {isa = PBXFileReference; lastKnownFileType = wrapper.framework; name = MediaPlayer.framework; path = System/Library/Frameworks/MediaPlayer.framework; sourceTree = SDKROOT; };
		250A49D81FE3DDC600F56C17 /* MobileCoreServices.framework */ = {isa = PBXFileReference; lastKnownFileType = wrapper.framework; name = MobileCoreServices.framework; path = System/Library/Frameworks/MobileCoreServices.framework; sourceTree = SDKROOT; };
		250A49DA1FE3DDD100F56C17 /* OpenGLES.framework */ = {isa = PBXFileReference; lastKnownFileType = wrapper.framework; name = OpenGLES.framework; path = System/Library/Frameworks/OpenGLES.framework; sourceTree = SDKROOT; };
		250A49DC1FE3DDDA00F56C17 /* QuartzCore.framework */ = {isa = PBXFileReference; lastKnownFileType = wrapper.framework; name = QuartzCore.framework; path = System/Library/Frameworks/QuartzCore.framework; sourceTree = SDKROOT; };
		250A49DE1FE3DDE300F56C17 /* UIKit.framework */ = {isa = PBXFileReference; lastKnownFileType = wrapper.framework; name = UIKit.framework; path = System/Library/Frameworks/UIKit.framework; sourceTree = SDKROOT; };
		250A49E21FE3DF9900F56C17 /* libc++.tbd */ = {isa = PBXFileReference; lastKnownFileType = "sourcecode.text-based-dylib-definition"; name = "libc++.tbd"; path = "usr/lib/libc++.tbd"; sourceTree = SDKROOT; };
		250A49E41FE3DFD400F56C17 /* Metal.framework */ = {isa = PBXFileReference; lastKnownFileType = wrapper.framework; name = Metal.framework; path = System/Library/Frameworks/Metal.framework; sourceTree = SDKROOT; };
		250F1E991FFCE6A300F564AD /* Player.xcassets */ = {isa = PBXFileReference; lastKnownFileType = folder.assetcatalog; path = Player.xcassets; sourceTree = "<group>"; };
		25436AA721E0995700036057 /* SmallPlayerView.m */ = {isa = PBXFileReference; fileEncoding = 4; lastKnownFileType = sourcecode.c.objc; path = SmallPlayerView.m; sourceTree = "<group>"; };
		25436AA821E0995700036057 /* SmallPlayerView.h */ = {isa = PBXFileReference; fileEncoding = 4; lastKnownFileType = sourcecode.c.h; path = SmallPlayerView.h; sourceTree = "<group>"; };
		25436AAA21E0995700036057 /* PlayerSimpleView.m */ = {isa = PBXFileReference; fileEncoding = 4; lastKnownFileType = sourcecode.c.objc; path = PlayerSimpleView.m; sourceTree = "<group>"; };
		25436AAB21E0995700036057 /* PlayerSimpleView.h */ = {isa = PBXFileReference; fileEncoding = 4; lastKnownFileType = sourcecode.c.h; path = PlayerSimpleView.h; sourceTree = "<group>"; };
		25436AAD21E0995700036057 /* CollectionCell.h */ = {isa = PBXFileReference; fileEncoding = 4; lastKnownFileType = sourcecode.c.h; path = CollectionCell.h; sourceTree = "<group>"; };
		25436AAE21E0995700036057 /* TableViewCell.m */ = {isa = PBXFileReference; fileEncoding = 4; lastKnownFileType = sourcecode.c.objc; path = TableViewCell.m; sourceTree = "<group>"; };
		25436AAF21E0995700036057 /* DataVM.h */ = {isa = PBXFileReference; fileEncoding = 4; lastKnownFileType = sourcecode.c.h; path = DataVM.h; sourceTree = "<group>"; };
		25436AB021E0995700036057 /* Dto.h */ = {isa = PBXFileReference; fileEncoding = 4; lastKnownFileType = sourcecode.c.h; path = Dto.h; sourceTree = "<group>"; };
		25436AB121E0995700036057 /* MCController.m */ = {isa = PBXFileReference; fileEncoding = 4; lastKnownFileType = sourcecode.c.objc; path = MCController.m; sourceTree = "<group>"; };
		25436AB221E0995700036057 /* MCNavigationController.h */ = {isa = PBXFileReference; fileEncoding = 4; lastKnownFileType = sourcecode.c.h; path = MCNavigationController.h; sourceTree = "<group>"; };
		25436AB321E0995700036057 /* CollectionCell.m */ = {isa = PBXFileReference; fileEncoding = 4; lastKnownFileType = sourcecode.c.objc; path = CollectionCell.m; sourceTree = "<group>"; };
		25436AB421E0995700036057 /* Dto.m */ = {isa = PBXFileReference; fileEncoding = 4; lastKnownFileType = sourcecode.c.objc; path = Dto.m; sourceTree = "<group>"; };
		25436AB521E0995700036057 /* MCController.h */ = {isa = PBXFileReference; fileEncoding = 4; lastKnownFileType = sourcecode.c.h; path = MCController.h; sourceTree = "<group>"; };
		25436AB621E0995700036057 /* MCControllerProtocol.h */ = {isa = PBXFileReference; fileEncoding = 4; lastKnownFileType = sourcecode.c.h; path = MCControllerProtocol.h; sourceTree = "<group>"; };
		25436AB721E0995700036057 /* DataVM.m */ = {isa = PBXFileReference; fileEncoding = 4; lastKnownFileType = sourcecode.c.objc; path = DataVM.m; sourceTree = "<group>"; };
		25436AB821E0995700036057 /* TableViewCell.h */ = {isa = PBXFileReference; fileEncoding = 4; lastKnownFileType = sourcecode.c.h; path = TableViewCell.h; sourceTree = "<group>"; };
		25436AB921E0995700036057 /* MCNavigationController.m */ = {isa = PBXFileReference; fileEncoding = 4; lastKnownFileType = sourcecode.c.objc; path = MCNavigationController.m; sourceTree = "<group>"; };
		25436ABC21E0995700036057 /* MCTouchTestController.h */ = {isa = PBXFileReference; fileEncoding = 4; lastKnownFileType = sourcecode.c.h; path = MCTouchTestController.h; sourceTree = "<group>"; };
		25436ABD21E0995700036057 /* MCTouchTestController.m */ = {isa = PBXFileReference; fileEncoding = 4; lastKnownFileType = sourcecode.c.objc; path = MCTouchTestController.m; sourceTree = "<group>"; };
		25436ABF21E0995700036057 /* MCPlayerNormalDto.h */ = {isa = PBXFileReference; fileEncoding = 4; lastKnownFileType = sourcecode.c.h; path = MCPlayerNormalDto.h; sourceTree = "<group>"; };
		25436AC121E0995700036057 /* CustomPlayerFont.json */ = {isa = PBXFileReference; fileEncoding = 4; lastKnownFileType = text.json; path = CustomPlayerFont.json; sourceTree = "<group>"; };
		25436AC221E0995700036057 /* CustomPlayerStyle.json */ = {isa = PBXFileReference; fileEncoding = 4; lastKnownFileType = text.json; path = CustomPlayerStyle.json; sourceTree = "<group>"; };
		25436AC321E0995700036057 /* NormalPlayer.xcassets */ = {isa = PBXFileReference; lastKnownFileType = folder.assetcatalog; path = NormalPlayer.xcassets; sourceTree = "<group>"; };
		25436AC421E0995700036057 /* CustomPlayerColor.json */ = {isa = PBXFileReference; fileEncoding = 4; lastKnownFileType = text.json; path = CustomPlayerColor.json; sourceTree = "<group>"; };
		25436AC521E0995700036057 /* MCPlayerNormalDataVM.h */ = {isa = PBXFileReference; fileEncoding = 4; lastKnownFileType = sourcecode.c.h; path = MCPlayerNormalDataVM.h; sourceTree = "<group>"; };
		25436AC621E0995700036057 /* MCPlayerGeneralController.h */ = {isa = PBXFileReference; fileEncoding = 4; lastKnownFileType = sourcecode.c.h; path = MCPlayerGeneralController.h; sourceTree = "<group>"; };
		25436AC721E0995700036057 /* MCPlayerGeneralController.m */ = {isa = PBXFileReference; fileEncoding = 4; lastKnownFileType = sourcecode.c.objc; path = MCPlayerGeneralController.m; sourceTree = "<group>"; };
		25436ACC21E0995700036057 /* MCPlayerNormalDataVM.m */ = {isa = PBXFileReference; fileEncoding = 4; lastKnownFileType = sourcecode.c.objc; path = MCPlayerNormalDataVM.m; sourceTree = "<group>"; };
		25436ACD21E0995700036057 /* MCPlayerNormalDto.m */ = {isa = PBXFileReference; fileEncoding = 4; lastKnownFileType = sourcecode.c.objc; path = MCPlayerNormalDto.m; sourceTree = "<group>"; };
		25436ACF21E0995700036057 /* PlayerCategroryDto.m */ = {isa = PBXFileReference; fileEncoding = 4; lastKnownFileType = sourcecode.c.objc; path = PlayerCategroryDto.m; sourceTree = "<group>"; };
		25436AD021E0995700036057 /* PlayerCategroiesDataVM.m */ = {isa = PBXFileReference; fileEncoding = 4; lastKnownFileType = sourcecode.c.objc; path = PlayerCategroiesDataVM.m; sourceTree = "<group>"; };
		25436AD121E0995700036057 /* PlayerCategroiesTableController.m */ = {isa = PBXFileReference; fileEncoding = 4; lastKnownFileType = sourcecode.c.objc; path = PlayerCategroiesTableController.m; sourceTree = "<group>"; };
		25436AD221E0995700036057 /* PlayerCategroryCell.h */ = {isa = PBXFileReference; fileEncoding = 4; lastKnownFileType = sourcecode.c.h; path = PlayerCategroryCell.h; sourceTree = "<group>"; };
		25436AD321E0995700036057 /* PlayerCategroryDto.h */ = {isa = PBXFileReference; fileEncoding = 4; lastKnownFileType = sourcecode.c.h; path = PlayerCategroryDto.h; sourceTree = "<group>"; };
		25436AD421E0995700036057 /* PlayerCategroiesDataVM.h */ = {isa = PBXFileReference; fileEncoding = 4; lastKnownFileType = sourcecode.c.h; path = PlayerCategroiesDataVM.h; sourceTree = "<group>"; };
		25436AD521E0995700036057 /* PlayerCategroiesTableController.h */ = {isa = PBXFileReference; fileEncoding = 4; lastKnownFileType = sourcecode.c.h; path = PlayerCategroiesTableController.h; sourceTree = "<group>"; };
		25436AD621E0995700036057 /* PlayerCategroryCell.m */ = {isa = PBXFileReference; fileEncoding = 4; lastKnownFileType = sourcecode.c.objc; path = PlayerCategroryCell.m; sourceTree = "<group>"; };
		25436AD821E0995700036057 /* TableViewPlaceHolderCell.m */ = {isa = PBXFileReference; fileEncoding = 4; lastKnownFileType = sourcecode.c.objc; path = TableViewPlaceHolderCell.m; sourceTree = "<group>"; };
		25436AD921E0995700036057 /* ScrollPlayerController.h */ = {isa = PBXFileReference; fileEncoding = 4; lastKnownFileType = sourcecode.c.h; path = ScrollPlayerController.h; sourceTree = "<group>"; };
		25436ADA21E0995700036057 /* ScrollPlayerDataVM.m */ = {isa = PBXFileReference; fileEncoding = 4; lastKnownFileType = sourcecode.c.objc; path = ScrollPlayerDataVM.m; sourceTree = "<group>"; };
		25436ADB21E0995700036057 /* PlayerSimpleViewCell.m */ = {isa = PBXFileReference; fileEncoding = 4; lastKnownFileType = sourcecode.c.objc; path = PlayerSimpleViewCell.m; sourceTree = "<group>"; };
		25436ADC21E0995700036057 /* VideoDto.h */ = {isa = PBXFileReference; fileEncoding = 4; lastKnownFileType = sourcecode.c.h; path = VideoDto.h; sourceTree = "<group>"; };
		25436ADD21E0995700036057 /* TableViewPlaceHolderCell.h */ = {isa = PBXFileReference; fileEncoding = 4; lastKnownFileType = sourcecode.c.h; path = TableViewPlaceHolderCell.h; sourceTree = "<group>"; };
		25436ADE21E0995700036057 /* ScrollPlayerDataVM.h */ = {isa = PBXFileReference; fileEncoding = 4; lastKnownFileType = sourcecode.c.h; path = ScrollPlayerDataVM.h; sourceTree = "<group>"; };
		25436ADF21E0995700036057 /* ScrollPlayerController.m */ = {isa = PBXFileReference; fileEncoding = 4; lastKnownFileType = sourcecode.c.objc; path = ScrollPlayerController.m; sourceTree = "<group>"; };
		25436AE021E0995700036057 /* PlayerSimpleViewCell.h */ = {isa = PBXFileReference; fileEncoding = 4; lastKnownFileType = sourcecode.c.h; path = PlayerSimpleViewCell.h; sourceTree = "<group>"; };
		25436AE121E0995700036057 /* VideoDto.m */ = {isa = PBXFileReference; fileEncoding = 4; lastKnownFileType = sourcecode.c.objc; path = VideoDto.m; sourceTree = "<group>"; };
		25436AE321E0995700036057 /* MCDouyinPlayerView.m */ = {isa = PBXFileReference; fileEncoding = 4; lastKnownFileType = sourcecode.c.objc; path = MCDouyinPlayerView.m; sourceTree = "<group>"; };
		25436AE421E0995700036057 /* MCDouyinPlayerDataVM.m */ = {isa = PBXFileReference; fileEncoding = 4; lastKnownFileType = sourcecode.c.objc; path = MCDouyinPlayerDataVM.m; sourceTree = "<group>"; };
		25436AE521E0995700036057 /* MCDouyinPlayerCell.m */ = {isa = PBXFileReference; fileEncoding = 4; lastKnownFileType = sourcecode.c.objc; path = MCDouyinPlayerCell.m; sourceTree = "<group>"; };
		25436AE621E0995700036057 /* MCDouyinPlayerListController.m */ = {isa = PBXFileReference; fileEncoding = 4; lastKnownFileType = sourcecode.c.objc; path = MCDouyinPlayerListController.m; sourceTree = "<group>"; };
		25436AE721E0995700036057 /* MCDouyinPlayerDataVM.h */ = {isa = PBXFileReference; fileEncoding = 4; lastKnownFileType = sourcecode.c.h; path = MCDouyinPlayerDataVM.h; sourceTree = "<group>"; };
		25436AE821E0995700036057 /* MCDouyinPlayerView.h */ = {isa = PBXFileReference; fileEncoding = 4; lastKnownFileType = sourcecode.c.h; path = MCDouyinPlayerView.h; sourceTree = "<group>"; };
		25436AE921E0995700036057 /* MCDouyinPlayerCell.h */ = {isa = PBXFileReference; fileEncoding = 4; lastKnownFileType = sourcecode.c.h; path = MCDouyinPlayerCell.h; sourceTree = "<group>"; };
		25436AEA21E0995700036057 /* MCDouyinPlayerListController.h */ = {isa = PBXFileReference; fileEncoding = 4; lastKnownFileType = sourcecode.c.h; path = MCDouyinPlayerListController.h; sourceTree = "<group>"; };
		25436AEC21E0995700036057 /* ScrollPlayer2SmallPlayerController.h */ = {isa = PBXFileReference; fileEncoding = 4; lastKnownFileType = sourcecode.c.h; path = ScrollPlayer2SmallPlayerController.h; sourceTree = "<group>"; };
		25436AED21E0995700036057 /* ScrollPlayer2SmallPlayerController.m */ = {isa = PBXFileReference; fileEncoding = 4; lastKnownFileType = sourcecode.c.objc; path = ScrollPlayer2SmallPlayerController.m; sourceTree = "<group>"; };
		25436AEF21E0995700036057 /* UIColor+Hex.m */ = {isa = PBXFileReference; fileEncoding = 4; lastKnownFileType = sourcecode.c.objc; path = "UIColor+Hex.m"; sourceTree = "<group>"; };
		25436AF021E0995700036057 /* UIColor+Hex.h */ = {isa = PBXFileReference; fileEncoding = 4; lastKnownFileType = sourcecode.c.h; path = "UIColor+Hex.h"; sourceTree = "<group>"; };
		25436AF321E0995700036057 /* MMAlertView.m */ = {isa = PBXFileReference; fileEncoding = 4; lastKnownFileType = sourcecode.c.objc; path = MMAlertView.m; sourceTree = "<group>"; };
		25436AF421E0995700036057 /* MMSheetView.m */ = {isa = PBXFileReference; fileEncoding = 4; lastKnownFileType = sourcecode.c.objc; path = MMSheetView.m; sourceTree = "<group>"; };
		25436AF521E0995700036057 /* MMPopupView.h */ = {isa = PBXFileReference; fileEncoding = 4; lastKnownFileType = sourcecode.c.h; path = MMPopupView.h; sourceTree = "<group>"; };
		25436AF621E0995700036057 /* MMWindowController.m */ = {isa = PBXFileReference; fileEncoding = 4; lastKnownFileType = sourcecode.c.objc; path = MMWindowController.m; sourceTree = "<group>"; };
		25436AF721E0995700036057 /* MMPopupCategory.m */ = {isa = PBXFileReference; fileEncoding = 4; lastKnownFileType = sourcecode.c.objc; path = MMPopupCategory.m; sourceTree = "<group>"; };
		25436AF821E0995700036057 /* MMPopupItem.h */ = {isa = PBXFileReference; fileEncoding = 4; lastKnownFileType = sourcecode.c.h; path = MMPopupItem.h; sourceTree = "<group>"; };
		25436AF921E0995700036057 /* MMPopupWindow.m */ = {isa = PBXFileReference; fileEncoding = 4; lastKnownFileType = sourcecode.c.objc; path = MMPopupWindow.m; sourceTree = "<group>"; };
		25436AFA21E0995700036057 /* MMSheetView.h */ = {isa = PBXFileReference; fileEncoding = 4; lastKnownFileType = sourcecode.c.h; path = MMSheetView.h; sourceTree = "<group>"; };
		25436AFB21E0995700036057 /* MMPopupDefine.h */ = {isa = PBXFileReference; fileEncoding = 4; lastKnownFileType = sourcecode.c.h; path = MMPopupDefine.h; sourceTree = "<group>"; };
		25436AFC21E0995700036057 /* MMAlertView.h */ = {isa = PBXFileReference; fileEncoding = 4; lastKnownFileType = sourcecode.c.h; path = MMAlertView.h; sourceTree = "<group>"; };
		25436AFD21E0995700036057 /* MMPopupView.m */ = {isa = PBXFileReference; fileEncoding = 4; lastKnownFileType = sourcecode.c.objc; path = MMPopupView.m; sourceTree = "<group>"; };
		25436AFE21E0995700036057 /* MMPopupWindow.h */ = {isa = PBXFileReference; fileEncoding = 4; lastKnownFileType = sourcecode.c.h; path = MMPopupWindow.h; sourceTree = "<group>"; };
		25436AFF21E0995700036057 /* MMPopupCategory.h */ = {isa = PBXFileReference; fileEncoding = 4; lastKnownFileType = sourcecode.c.h; path = MMPopupCategory.h; sourceTree = "<group>"; };
		25436B0021E0995700036057 /* MMPopupItem.m */ = {isa = PBXFileReference; fileEncoding = 4; lastKnownFileType = sourcecode.c.objc; path = MMPopupItem.m; sourceTree = "<group>"; };
		25436B0121E0995700036057 /* MMWindowController.h */ = {isa = PBXFileReference; fileEncoding = 4; lastKnownFileType = sourcecode.c.h; path = MMWindowController.h; sourceTree = "<group>"; };
		25A536CB1FDA9DFA002511DF /* PlayerKitDemo.app */ = {isa = PBXFileReference; explicitFileType = wrapper.application; includeInIndex = 0; path = PlayerKitDemo.app; sourceTree = BUILT_PRODUCTS_DIR; };
		25A536CE1FDA9DFA002511DF /* AppDelegate.h */ = {isa = PBXFileReference; lastKnownFileType = sourcecode.c.h; path = AppDelegate.h; sourceTree = "<group>"; };
		25A536CF1FDA9DFA002511DF /* AppDelegate.m */ = {isa = PBXFileReference; lastKnownFileType = sourcecode.c.objc; path = AppDelegate.m; sourceTree = "<group>"; };
		25A536D71FDA9DFA002511DF /* Assets.xcassets */ = {isa = PBXFileReference; lastKnownFileType = folder.assetcatalog; path = Assets.xcassets; sourceTree = "<group>"; };
		25A536DA1FDA9DFA002511DF /* Base */ = {isa = PBXFileReference; lastKnownFileType = file.storyboard; name = Base; path = Base.lproj/LaunchScreen.storyboard; sourceTree = "<group>"; };
		25A536DC1FDA9DFA002511DF /* Info.plist */ = {isa = PBXFileReference; lastKnownFileType = text.plist.xml; path = Info.plist; sourceTree = "<group>"; };
		25A536DD1FDA9DFA002511DF /* main.m */ = {isa = PBXFileReference; lastKnownFileType = sourcecode.c.objc; path = main.m; sourceTree = "<group>"; };
		25B1791A22212A2F00381793 /* VideoList.json */ = {isa = PBXFileReference; fileEncoding = 4; lastKnownFileType = text.json; path = VideoList.json; sourceTree = "<group>"; };
		25DE19561FE3EE1A005CD97C /* MetalKit.framework */ = {isa = PBXFileReference; lastKnownFileType = wrapper.framework; name = MetalKit.framework; path = System/Library/Frameworks/MetalKit.framework; sourceTree = SDKROOT; };
		658AF439C28156EB4B42FE20 /* Pods-PlayerKitDemo.debug.xcconfig */ = {isa = PBXFileReference; includeInIndex = 1; lastKnownFileType = text.xcconfig; name = "Pods-PlayerKitDemo.debug.xcconfig"; path = "Pods/Target Support Files/Pods-PlayerKitDemo/Pods-PlayerKitDemo.debug.xcconfig"; sourceTree = "<group>"; };
		B00A8E2810ED2A8E4D854DF1 /* Pods-PlayerKitDemo.release.xcconfig */ = {isa = PBXFileReference; includeInIndex = 1; lastKnownFileType = text.xcconfig; name = "Pods-PlayerKitDemo.release.xcconfig"; path = "Pods/Target Support Files/Pods-PlayerKitDemo/Pods-PlayerKitDemo.release.xcconfig"; sourceTree = "<group>"; };
/* End PBXFileReference section */

/* Begin PBXFrameworksBuildPhase section */
		25A536C81FDA9DFA002511DF /* Frameworks */ = {
			isa = PBXFrameworksBuildPhase;
			buildActionMask = 2147483647;
			files = (
				250A49E31FE3DF9900F56C17 /* libc++.tbd in Frameworks */,
				250A49C91FE3DD2200F56C17 /* VideoToolbox.framework in Frameworks */,
				250A49DF1FE3DDE300F56C17 /* UIKit.framework in Frameworks */,
				250A49DD1FE3DDDA00F56C17 /* QuartzCore.framework in Frameworks */,
				250A49DB1FE3DDD100F56C17 /* OpenGLES.framework in Frameworks */,
				250A49D91FE3DDC600F56C17 /* MobileCoreServices.framework in Frameworks */,
				250A49D71FE3DDBC00F56C17 /* MediaPlayer.framework in Frameworks */,
				250A49D51FE3DDB100F56C17 /* libz.tbd in Frameworks */,
				250A49D31FE3DDA800F56C17 /* libbz2.tbd in Frameworks */,
				250A49D11FE3DD9E00F56C17 /* CoreVideo.framework in Frameworks */,
				250A49CF1FE3DD9600F56C17 /* CoreMedia.framework in Frameworks */,
				250A49CD1FE3DD4C00F56C17 /* CoreGraphics.framework in Frameworks */,
				250A49CB1FE3DD4400F56C17 /* AVFoundation.framework in Frameworks */,
				3B3F235F10699A53D5F36D28 /* libPods-PlayerKitDemo.a in Frameworks */,
			);
			runOnlyForDeploymentPostprocessing = 0;
		};
/* End PBXFrameworksBuildPhase section */

/* Begin PBXGroup section */
		250F1E981FFCE6A300F564AD /* Resources */ = {
			isa = PBXGroup;
			children = (
				25B1791A22212A2F00381793 /* VideoList.json */,
				250F1E991FFCE6A300F564AD /* Player.xcassets */,
			);
			path = Resources;
			sourceTree = "<group>";
		};
		25436AA421E0995700036057 /* Classes */ = {
			isa = PBXGroup;
			children = (
				25436AA521E0995700036057 /* PlayerViews */,
				25436AAC21E0995700036057 /* Commen */,
				25436ABA21E0995700036057 /* Modules */,
				25436AEE21E0995700036057 /* Categories */,
				25436AF121E0995700036057 /* Vendor */,
			);
			path = Classes;
			sourceTree = "<group>";
		};
		25436AA521E0995700036057 /* PlayerViews */ = {
			isa = PBXGroup;
			children = (
				25436AA621E0995700036057 /* SmallPlayer */,
				25436AA921E0995700036057 /* PlayerSimpleView */,
			);
			path = PlayerViews;
			sourceTree = "<group>";
		};
		25436AA621E0995700036057 /* SmallPlayer */ = {
			isa = PBXGroup;
			children = (
				25436AA721E0995700036057 /* SmallPlayerView.m */,
				25436AA821E0995700036057 /* SmallPlayerView.h */,
			);
			path = SmallPlayer;
			sourceTree = "<group>";
		};
		25436AA921E0995700036057 /* PlayerSimpleView */ = {
			isa = PBXGroup;
			children = (
				25436AAA21E0995700036057 /* PlayerSimpleView.m */,
				25436AAB21E0995700036057 /* PlayerSimpleView.h */,
			);
			path = PlayerSimpleView;
			sourceTree = "<group>";
		};
		25436AAC21E0995700036057 /* Commen */ = {
			isa = PBXGroup;
			children = (
				25436AAD21E0995700036057 /* CollectionCell.h */,
				25436AAE21E0995700036057 /* TableViewCell.m */,
				25436AAF21E0995700036057 /* DataVM.h */,
				25436AB021E0995700036057 /* Dto.h */,
				25436AB121E0995700036057 /* MCController.m */,
				25436AB221E0995700036057 /* MCNavigationController.h */,
				25436AB321E0995700036057 /* CollectionCell.m */,
				25436AB421E0995700036057 /* Dto.m */,
				25436AB521E0995700036057 /* MCController.h */,
				25436AB621E0995700036057 /* MCControllerProtocol.h */,
				25436AB721E0995700036057 /* DataVM.m */,
				25436AB821E0995700036057 /* TableViewCell.h */,
				25436AB921E0995700036057 /* MCNavigationController.m */,
			);
			path = Commen;
			sourceTree = "<group>";
		};
		25436ABA21E0995700036057 /* Modules */ = {
			isa = PBXGroup;
			children = (
				25436ABB21E0995700036057 /* TouchTest */,
				25436ABE21E0995700036057 /* GeneralPlayer */,
				25436ACE21E0995700036057 /* List */,
				25436AD721E0995700036057 /* ScrollPlayer */,
				25436AE221E0995700036057 /* Douyin */,
				25436AEB21E0995700036057 /* ScrollPlayer2SmallPlayer */,
			);
			path = Modules;
			sourceTree = "<group>";
		};
		25436ABB21E0995700036057 /* TouchTest */ = {
			isa = PBXGroup;
			children = (
				25436ABC21E0995700036057 /* MCTouchTestController.h */,
				25436ABD21E0995700036057 /* MCTouchTestController.m */,
			);
			path = TouchTest;
			sourceTree = "<group>";
		};
		25436ABE21E0995700036057 /* GeneralPlayer */ = {
			isa = PBXGroup;
			children = (
				25436ABF21E0995700036057 /* MCPlayerNormalDto.h */,
				25436AC021E0995700036057 /* Datas */,
				25436AC521E0995700036057 /* MCPlayerNormalDataVM.h */,
				25436AC621E0995700036057 /* MCPlayerGeneralController.h */,
				25436AC721E0995700036057 /* MCPlayerGeneralController.m */,
				25436ACC21E0995700036057 /* MCPlayerNormalDataVM.m */,
				25436ACD21E0995700036057 /* MCPlayerNormalDto.m */,
			);
			path = GeneralPlayer;
			sourceTree = "<group>";
		};
		25436AC021E0995700036057 /* Datas */ = {
			isa = PBXGroup;
			children = (
				25436AC121E0995700036057 /* CustomPlayerFont.json */,
				25436AC221E0995700036057 /* CustomPlayerStyle.json */,
				25436AC321E0995700036057 /* NormalPlayer.xcassets */,
				25436AC421E0995700036057 /* CustomPlayerColor.json */,
			);
			path = Datas;
			sourceTree = "<group>";
		};
		25436ACE21E0995700036057 /* List */ = {
			isa = PBXGroup;
			children = (
				25436ACF21E0995700036057 /* PlayerCategroryDto.m */,
				25436AD021E0995700036057 /* PlayerCategroiesDataVM.m */,
				25436AD121E0995700036057 /* PlayerCategroiesTableController.m */,
				25436AD221E0995700036057 /* PlayerCategroryCell.h */,
				25436AD321E0995700036057 /* PlayerCategroryDto.h */,
				25436AD421E0995700036057 /* PlayerCategroiesDataVM.h */,
				25436AD521E0995700036057 /* PlayerCategroiesTableController.h */,
				25436AD621E0995700036057 /* PlayerCategroryCell.m */,
			);
			path = List;
			sourceTree = "<group>";
		};
		25436AD721E0995700036057 /* ScrollPlayer */ = {
			isa = PBXGroup;
			children = (
				25436AD821E0995700036057 /* TableViewPlaceHolderCell.m */,
				25436AD921E0995700036057 /* ScrollPlayerController.h */,
				25436ADA21E0995700036057 /* ScrollPlayerDataVM.m */,
				25436ADB21E0995700036057 /* PlayerSimpleViewCell.m */,
				25436ADC21E0995700036057 /* VideoDto.h */,
				25436ADD21E0995700036057 /* TableViewPlaceHolderCell.h */,
				25436ADE21E0995700036057 /* ScrollPlayerDataVM.h */,
				25436ADF21E0995700036057 /* ScrollPlayerController.m */,
				25436AE021E0995700036057 /* PlayerSimpleViewCell.h */,
				25436AE121E0995700036057 /* VideoDto.m */,
			);
			path = ScrollPlayer;
			sourceTree = "<group>";
		};
		25436AE221E0995700036057 /* Douyin */ = {
			isa = PBXGroup;
			children = (
				25436AE321E0995700036057 /* MCDouyinPlayerView.m */,
				25436AE421E0995700036057 /* MCDouyinPlayerDataVM.m */,
				25436AE521E0995700036057 /* MCDouyinPlayerCell.m */,
				25436AE621E0995700036057 /* MCDouyinPlayerListController.m */,
				25436AE721E0995700036057 /* MCDouyinPlayerDataVM.h */,
				25436AE821E0995700036057 /* MCDouyinPlayerView.h */,
				25436AE921E0995700036057 /* MCDouyinPlayerCell.h */,
				25436AEA21E0995700036057 /* MCDouyinPlayerListController.h */,
			);
			path = Douyin;
			sourceTree = "<group>";
		};
		25436AEB21E0995700036057 /* ScrollPlayer2SmallPlayer */ = {
			isa = PBXGroup;
			children = (
				25436AEC21E0995700036057 /* ScrollPlayer2SmallPlayerController.h */,
				25436AED21E0995700036057 /* ScrollPlayer2SmallPlayerController.m */,
			);
			path = ScrollPlayer2SmallPlayer;
			sourceTree = "<group>";
		};
		25436AEE21E0995700036057 /* Categories */ = {
			isa = PBXGroup;
			children = (
				25436AEF21E0995700036057 /* UIColor+Hex.m */,
				25436AF021E0995700036057 /* UIColor+Hex.h */,
			);
			path = Categories;
			sourceTree = "<group>";
		};
		25436AF121E0995700036057 /* Vendor */ = {
			isa = PBXGroup;
			children = (
				25436AF221E0995700036057 /* MMPopupView */,
			);
			path = Vendor;
			sourceTree = "<group>";
		};
		25436AF221E0995700036057 /* MMPopupView */ = {
			isa = PBXGroup;
			children = (
				25436AF321E0995700036057 /* MMAlertView.m */,
				25436AF421E0995700036057 /* MMSheetView.m */,
				25436AF521E0995700036057 /* MMPopupView.h */,
				25436AF621E0995700036057 /* MMWindowController.m */,
				25436AF721E0995700036057 /* MMPopupCategory.m */,
				25436AF821E0995700036057 /* MMPopupItem.h */,
				25436AF921E0995700036057 /* MMPopupWindow.m */,
				25436AFA21E0995700036057 /* MMSheetView.h */,
				25436AFB21E0995700036057 /* MMPopupDefine.h */,
				25436AFC21E0995700036057 /* MMAlertView.h */,
				25436AFD21E0995700036057 /* MMPopupView.m */,
				25436AFE21E0995700036057 /* MMPopupWindow.h */,
				25436AFF21E0995700036057 /* MMPopupCategory.h */,
				25436B0021E0995700036057 /* MMPopupItem.m */,
				25436B0121E0995700036057 /* MMWindowController.h */,
			);
			path = MMPopupView;
			sourceTree = "<group>";
		};
		25A536C21FDA9DFA002511DF = {
			isa = PBXGroup;
			children = (
				25436AA421E0995700036057 /* Classes */,
				250F1E981FFCE6A300F564AD /* Resources */,
				25A536CD1FDA9DFA002511DF /* PlayerKitDemo */,
				25A536CC1FDA9DFA002511DF /* Products */,
				7062D7D4308A7A0511E5863E /* Pods */,
				F1F52EFE25A5E7898BEEBC34 /* Frameworks */,
				1A666E6D57BF2501FF33F988 /* README.md */,
				1A666DE1C95A6C8406800B42 /* MCPlayerKit.podspec */,
			);
			sourceTree = "<group>";
		};
		25A536CC1FDA9DFA002511DF /* Products */ = {
			isa = PBXGroup;
			children = (
				25A536CB1FDA9DFA002511DF /* PlayerKitDemo.app */,
			);
			name = Products;
			sourceTree = "<group>";
		};
		25A536CD1FDA9DFA002511DF /* PlayerKitDemo */ = {
			isa = PBXGroup;
			children = (
				25A536CE1FDA9DFA002511DF /* AppDelegate.h */,
				25A536CF1FDA9DFA002511DF /* AppDelegate.m */,
				25A536D71FDA9DFA002511DF /* Assets.xcassets */,
				25A536D91FDA9DFA002511DF /* LaunchScreen.storyboard */,
				25A536DC1FDA9DFA002511DF /* Info.plist */,
				25A536DD1FDA9DFA002511DF /* main.m */,
			);
			path = PlayerKitDemo;
			sourceTree = "<group>";
		};
		7062D7D4308A7A0511E5863E /* Pods */ = {
			isa = PBXGroup;
			children = (
				658AF439C28156EB4B42FE20 /* Pods-PlayerKitDemo.debug.xcconfig */,
				B00A8E2810ED2A8E4D854DF1 /* Pods-PlayerKitDemo.release.xcconfig */,
			);
			name = Pods;
			sourceTree = "<group>";
		};
		F1F52EFE25A5E7898BEEBC34 /* Frameworks */ = {
			isa = PBXGroup;
			children = (
				25DE19561FE3EE1A005CD97C /* MetalKit.framework */,
				250A49E41FE3DFD400F56C17 /* Metal.framework */,
				250A49E21FE3DF9900F56C17 /* libc++.tbd */,
				250A49DE1FE3DDE300F56C17 /* UIKit.framework */,
				250A49DC1FE3DDDA00F56C17 /* QuartzCore.framework */,
				250A49DA1FE3DDD100F56C17 /* OpenGLES.framework */,
				250A49D81FE3DDC600F56C17 /* MobileCoreServices.framework */,
				250A49D61FE3DDBC00F56C17 /* MediaPlayer.framework */,
				250A49D41FE3DDB100F56C17 /* libz.tbd */,
				250A49D21FE3DDA800F56C17 /* libbz2.tbd */,
				250A49D01FE3DD9E00F56C17 /* CoreVideo.framework */,
				250A49CE1FE3DD9600F56C17 /* CoreMedia.framework */,
				250A49CC1FE3DD4C00F56C17 /* CoreGraphics.framework */,
				250A49CA1FE3DD4400F56C17 /* AVFoundation.framework */,
				250A49C81FE3DD2200F56C17 /* VideoToolbox.framework */,
				08E35018D0726C1C19647408 /* libPods-PlayerKitDemo.a */,
			);
			name = Frameworks;
			sourceTree = "<group>";
		};
/* End PBXGroup section */

/* Begin PBXNativeTarget section */
		25A536CA1FDA9DFA002511DF /* PlayerKitDemo */ = {
			isa = PBXNativeTarget;
			buildConfigurationList = 25A536E11FDA9DFA002511DF /* Build configuration list for PBXNativeTarget "PlayerKitDemo" */;
			buildPhases = (
				45EF85665E20EF707F2A7368 /* [CP] Check Pods Manifest.lock */,
				25A536C71FDA9DFA002511DF /* Sources */,
				25A536C81FDA9DFA002511DF /* Frameworks */,
				25A536C91FDA9DFA002511DF /* Resources */,
				25B2FAA31FE11EA900AFE8AC /* Embed Frameworks */,
				7B36B8090F76D612E86610D6 /* [CP] Embed Pods Frameworks */,
			);
			buildRules = (
			);
			dependencies = (
			);
			name = PlayerKitDemo;
			productName = PlayerKitDemo;
			productReference = 25A536CB1FDA9DFA002511DF /* PlayerKitDemo.app */;
			productType = "com.apple.product-type.application";
		};
/* End PBXNativeTarget section */

/* Begin PBXProject section */
		25A536C31FDA9DFA002511DF /* Project object */ = {
			isa = PBXProject;
			attributes = {
				LastUpgradeCheck = 0920;
				ORGANIZATIONNAME = majiancheng;
				TargetAttributes = {
					25A536CA1FDA9DFA002511DF = {
						CreatedOnToolsVersion = 9.2;
						ProvisioningStyle = Manual;
					};
				};
			};
			buildConfigurationList = 25A536C61FDA9DFA002511DF /* Build configuration list for PBXProject "PlayerKitDemo" */;
			compatibilityVersion = "Xcode 8.0";
			developmentRegion = en;
			hasScannedForEncodings = 0;
			knownRegions = (
				en,
				Base,
			);
			mainGroup = 25A536C21FDA9DFA002511DF;
			productRefGroup = 25A536CC1FDA9DFA002511DF /* Products */;
			projectDirPath = "";
			projectRoot = "";
			targets = (
				25A536CA1FDA9DFA002511DF /* PlayerKitDemo */,
			);
		};
/* End PBXProject section */

/* Begin PBXResourcesBuildPhase section */
		25A536C91FDA9DFA002511DF /* Resources */ = {
			isa = PBXResourcesBuildPhase;
			buildActionMask = 2147483647;
			files = (
				25436B0B21E0995700036057 /* CustomPlayerFont.json in Resources */,
				25B1791B22212A2F00381793 /* VideoList.json in Resources */,
				25A536DB1FDA9DFA002511DF /* LaunchScreen.storyboard in Resources */,
				250F1E9A1FFCE6A300F564AD /* Player.xcassets in Resources */,
				25436B0D21E0995700036057 /* NormalPlayer.xcassets in Resources */,
				25A536D81FDA9DFA002511DF /* Assets.xcassets in Resources */,
				25436B0E21E0995700036057 /* CustomPlayerColor.json in Resources */,
				25436B0C21E0995700036057 /* CustomPlayerStyle.json in Resources */,
			);
			runOnlyForDeploymentPostprocessing = 0;
		};
/* End PBXResourcesBuildPhase section */

/* Begin PBXShellScriptBuildPhase section */
		45EF85665E20EF707F2A7368 /* [CP] Check Pods Manifest.lock */ = {
			isa = PBXShellScriptBuildPhase;
			buildActionMask = 2147483647;
			files = (
			);
			inputPaths = (
				"${PODS_PODFILE_DIR_PATH}/Podfile.lock",
				"${PODS_ROOT}/Manifest.lock",
			);
			name = "[CP] Check Pods Manifest.lock";
			outputPaths = (
				"$(DERIVED_FILE_DIR)/Pods-PlayerKitDemo-checkManifestLockResult.txt",
			);
			runOnlyForDeploymentPostprocessing = 0;
			shellPath = /bin/sh;
			shellScript = "diff \"${PODS_PODFILE_DIR_PATH}/Podfile.lock\" \"${PODS_ROOT}/Manifest.lock\" > /dev/null\nif [ $? != 0 ] ; then\n    # print error to STDERR\n    echo \"error: The sandbox is not in sync with the Podfile.lock. Run 'pod install' or update your CocoaPods installation.\" >&2\n    exit 1\nfi\n# This output is used by Xcode 'outputs' to avoid re-running this script phase.\necho \"SUCCESS\" > \"${SCRIPT_OUTPUT_FILE_0}\"\n";
			showEnvVarsInLog = 0;
		};
		7B36B8090F76D612E86610D6 /* [CP] Embed Pods Frameworks */ = {
			isa = PBXShellScriptBuildPhase;
			buildActionMask = 2147483647;
			files = (
			);
			inputFileListPaths = (
			);
			inputPaths = (
				"${PODS_ROOT}/Target Support Files/Pods-PlayerKitDemo/Pods-PlayerKitDemo-frameworks.sh",
				"${PODS_ROOT}/MCIJKPlayer/SDK/IJKMediaFramework.framework",
			);
			name = "[CP] Embed Pods Frameworks";
			outputFileListPaths = (
			);
			outputPaths = (
				"${TARGET_BUILD_DIR}/${FRAMEWORKS_FOLDER_PATH}/IJKMediaFramework.framework",
			);
			runOnlyForDeploymentPostprocessing = 0;
			shellPath = /bin/sh;
			shellScript = "\"${PODS_ROOT}/Target Support Files/Pods-PlayerKitDemo/Pods-PlayerKitDemo-frameworks.sh\"\n";
			showEnvVarsInLog = 0;
		};
/* End PBXShellScriptBuildPhase section */

/* Begin PBXSourcesBuildPhase section */
		25A536C71FDA9DFA002511DF /* Sources */ = {
			isa = PBXSourcesBuildPhase;
			buildActionMask = 2147483647;
			files = (
				25436B1E21E0995700036057 /* MCDouyinPlayerCell.m in Sources */,
				25436B1821E0995700036057 /* ScrollPlayerDataVM.m in Sources */,
				25436B1A21E0995700036057 /* ScrollPlayerController.m in Sources */,
				25436B0221E0995700036057 /* SmallPlayerView.m in Sources */,
				25436B2721E0995700036057 /* MMPopupView.m in Sources */,
				25436B1321E0995700036057 /* PlayerCategroryDto.m in Sources */,
				25436B2421E0995700036057 /* MMWindowController.m in Sources */,
				25A536DE1FDA9DFA002511DF /* main.m in Sources */,
				25436B1921E0995700036057 /* PlayerSimpleViewCell.m in Sources */,
				25436B2121E0995700036057 /* UIColor+Hex.m in Sources */,
				25436B2021E0995700036057 /* ScrollPlayer2SmallPlayerController.m in Sources */,
				25436B1421E0995700036057 /* PlayerCategroiesDataVM.m in Sources */,
				25436B1C21E0995700036057 /* MCDouyinPlayerView.m in Sources */,
				25436B1D21E0995700036057 /* MCDouyinPlayerDataVM.m in Sources */,
				25436B0821E0995700036057 /* DataVM.m in Sources */,
				25436B1B21E0995700036057 /* VideoDto.m in Sources */,
				25436B1121E0995700036057 /* MCPlayerNormalDataVM.m in Sources */,
				25436B1521E0995700036057 /* PlayerCategroiesTableController.m in Sources */,
				25A536D01FDA9DFA002511DF /* AppDelegate.m in Sources */,
				25436B0A21E0995700036057 /* MCTouchTestController.m in Sources */,
				25436B1F21E0995700036057 /* MCDouyinPlayerListController.m in Sources */,
				25436B2621E0995700036057 /* MMPopupWindow.m in Sources */,
				25436B2221E0995700036057 /* MMAlertView.m in Sources */,
				25436B2321E0995700036057 /* MMSheetView.m in Sources */,
				25436B1621E0995700036057 /* PlayerCategroryCell.m in Sources */,
				25436B2821E0995700036057 /* MMPopupItem.m in Sources */,
				25436B0421E0995700036057 /* TableViewCell.m in Sources */,
				25436B1221E0995700036057 /* MCPlayerNormalDto.m in Sources */,
				25436B0921E0995700036057 /* MCNavigationController.m in Sources */,
				25436B0621E0995700036057 /* CollectionCell.m in Sources */,
				25436B0321E0995700036057 /* PlayerSimpleView.m in Sources */,
				25436B1721E0995700036057 /* TableViewPlaceHolderCell.m in Sources */,
				25436B0F21E0995700036057 /* MCPlayerGeneralController.m in Sources */,
				25436B0521E0995700036057 /* MCController.m in Sources */,
				25436B2521E0995700036057 /* MMPopupCategory.m in Sources */,
				25436B0721E0995700036057 /* Dto.m in Sources */,
			);
			runOnlyForDeploymentPostprocessing = 0;
		};
/* End PBXSourcesBuildPhase section */

/* Begin PBXVariantGroup section */
		25A536D91FDA9DFA002511DF /* LaunchScreen.storyboard */ = {
			isa = PBXVariantGroup;
			children = (
				25A536DA1FDA9DFA002511DF /* Base */,
			);
			name = LaunchScreen.storyboard;
			sourceTree = "<group>";
		};
/* End PBXVariantGroup section */

/* Begin XCBuildConfiguration section */
		25A536DF1FDA9DFA002511DF /* Debug */ = {
			isa = XCBuildConfiguration;
			buildSettings = {
				ALWAYS_SEARCH_USER_PATHS = NO;
				CLANG_ANALYZER_NONNULL = YES;
				CLANG_ANALYZER_NUMBER_OBJECT_CONVERSION = YES_AGGRESSIVE;
				CLANG_CXX_LANGUAGE_STANDARD = "gnu++14";
				CLANG_CXX_LIBRARY = "libc++";
				CLANG_ENABLE_MODULES = YES;
				CLANG_ENABLE_OBJC_ARC = YES;
				CLANG_WARN_BLOCK_CAPTURE_AUTORELEASING = YES;
				CLANG_WARN_BOOL_CONVERSION = YES;
				CLANG_WARN_COMMA = YES;
				CLANG_WARN_CONSTANT_CONVERSION = YES;
				CLANG_WARN_DIRECT_OBJC_ISA_USAGE = YES_ERROR;
				CLANG_WARN_DOCUMENTATION_COMMENTS = YES;
				CLANG_WARN_EMPTY_BODY = YES;
				CLANG_WARN_ENUM_CONVERSION = YES;
				CLANG_WARN_INFINITE_RECURSION = YES;
				CLANG_WARN_INT_CONVERSION = YES;
				CLANG_WARN_NON_LITERAL_NULL_CONVERSION = YES;
				CLANG_WARN_OBJC_LITERAL_CONVERSION = YES;
				CLANG_WARN_OBJC_ROOT_CLASS = YES_ERROR;
				CLANG_WARN_RANGE_LOOP_ANALYSIS = YES;
				CLANG_WARN_STRICT_PROTOTYPES = YES;
				CLANG_WARN_SUSPICIOUS_MOVE = YES;
				CLANG_WARN_UNGUARDED_AVAILABILITY = YES_AGGRESSIVE;
				CLANG_WARN_UNREACHABLE_CODE = YES;
				CLANG_WARN__DUPLICATE_METHOD_MATCH = YES;
				CODE_SIGN_IDENTITY = "iPhone Developer";
				COPY_PHASE_STRIP = NO;
				DEBUG_INFORMATION_FORMAT = dwarf;
				ENABLE_STRICT_OBJC_MSGSEND = YES;
				ENABLE_TESTABILITY = YES;
				GCC_C_LANGUAGE_STANDARD = gnu11;
				GCC_DYNAMIC_NO_PIC = NO;
				GCC_NO_COMMON_BLOCKS = YES;
				GCC_OPTIMIZATION_LEVEL = 0;
				GCC_PREPROCESSOR_DEFINITIONS = (
					"DEBUG=1",
					"$(inherited)",
				);
				GCC_WARN_64_TO_32_BIT_CONVERSION = YES;
				GCC_WARN_ABOUT_RETURN_TYPE = YES_ERROR;
				GCC_WARN_UNDECLARED_SELECTOR = YES;
				GCC_WARN_UNINITIALIZED_AUTOS = YES_AGGRESSIVE;
				GCC_WARN_UNUSED_FUNCTION = YES;
				GCC_WARN_UNUSED_VARIABLE = YES;
				IPHONEOS_DEPLOYMENT_TARGET = 8.0;
				MTL_ENABLE_DEBUG_INFO = YES;
				ONLY_ACTIVE_ARCH = YES;
				SDKROOT = iphoneos;
			};
			name = Debug;
		};
		25A536E01FDA9DFA002511DF /* Release */ = {
			isa = XCBuildConfiguration;
			buildSettings = {
				ALWAYS_SEARCH_USER_PATHS = NO;
				CLANG_ANALYZER_NONNULL = YES;
				CLANG_ANALYZER_NUMBER_OBJECT_CONVERSION = YES_AGGRESSIVE;
				CLANG_CXX_LANGUAGE_STANDARD = "gnu++14";
				CLANG_CXX_LIBRARY = "libc++";
				CLANG_ENABLE_MODULES = YES;
				CLANG_ENABLE_OBJC_ARC = YES;
				CLANG_WARN_BLOCK_CAPTURE_AUTORELEASING = YES;
				CLANG_WARN_BOOL_CONVERSION = YES;
				CLANG_WARN_COMMA = YES;
				CLANG_WARN_CONSTANT_CONVERSION = YES;
				CLANG_WARN_DIRECT_OBJC_ISA_USAGE = YES_ERROR;
				CLANG_WARN_DOCUMENTATION_COMMENTS = YES;
				CLANG_WARN_EMPTY_BODY = YES;
				CLANG_WARN_ENUM_CONVERSION = YES;
				CLANG_WARN_INFINITE_RECURSION = YES;
				CLANG_WARN_INT_CONVERSION = YES;
				CLANG_WARN_NON_LITERAL_NULL_CONVERSION = YES;
				CLANG_WARN_OBJC_LITERAL_CONVERSION = YES;
				CLANG_WARN_OBJC_ROOT_CLASS = YES_ERROR;
				CLANG_WARN_RANGE_LOOP_ANALYSIS = YES;
				CLANG_WARN_STRICT_PROTOTYPES = YES;
				CLANG_WARN_SUSPICIOUS_MOVE = YES;
				CLANG_WARN_UNGUARDED_AVAILABILITY = YES_AGGRESSIVE;
				CLANG_WARN_UNREACHABLE_CODE = YES;
				CLANG_WARN__DUPLICATE_METHOD_MATCH = YES;
				CODE_SIGN_IDENTITY = "iPhone Developer";
				COPY_PHASE_STRIP = NO;
				DEBUG_INFORMATION_FORMAT = "dwarf-with-dsym";
				ENABLE_NS_ASSERTIONS = NO;
				ENABLE_STRICT_OBJC_MSGSEND = YES;
				GCC_C_LANGUAGE_STANDARD = gnu11;
				GCC_NO_COMMON_BLOCKS = YES;
				GCC_WARN_64_TO_32_BIT_CONVERSION = YES;
				GCC_WARN_ABOUT_RETURN_TYPE = YES_ERROR;
				GCC_WARN_UNDECLARED_SELECTOR = YES;
				GCC_WARN_UNINITIALIZED_AUTOS = YES_AGGRESSIVE;
				GCC_WARN_UNUSED_FUNCTION = YES;
				GCC_WARN_UNUSED_VARIABLE = YES;
				IPHONEOS_DEPLOYMENT_TARGET = 8.0;
				MTL_ENABLE_DEBUG_INFO = NO;
				SDKROOT = iphoneos;
				VALIDATE_PRODUCT = YES;
			};
			name = Release;
		};
		25A536E21FDA9DFA002511DF /* Debug */ = {
			isa = XCBuildConfiguration;
			baseConfigurationReference = 658AF439C28156EB4B42FE20 /* Pods-PlayerKitDemo.debug.xcconfig */;
			buildSettings = {
				ALWAYS_SEARCH_USER_PATHS = NO;
				ASSETCATALOG_COMPILER_APPICON_NAME = AppIcon;
				CODE_SIGN_STYLE = Manual;
				DEVELOPMENT_TEAM = 6FNUHS4H7D;
				ENABLE_BITCODE = NO;
				FRAMEWORK_SEARCH_PATHS = (
					"$(inherited)",
					"$(PROJECT_DIR)",
				);
				INFOPLIST_FILE = PlayerKitDemo/Info.plist;
				IPHONEOS_DEPLOYMENT_TARGET = 9.0;
				LD_RUNPATH_SEARCH_PATHS = "$(inherited) @executable_path/Frameworks";
				PRODUCT_BUNDLE_IDENTIFIER = com.gymchina.PlayerKitDemo;
				PRODUCT_NAME = "$(TARGET_NAME)";
				PROVISIONING_PROFILE_SPECIFIER = RootDev;
				TARGETED_DEVICE_FAMILY = "1,2";
			};
			name = Debug;
		};
		25A536E31FDA9DFA002511DF /* Release */ = {
			isa = XCBuildConfiguration;
			baseConfigurationReference = B00A8E2810ED2A8E4D854DF1 /* Pods-PlayerKitDemo.release.xcconfig */;
			buildSettings = {
				ALWAYS_SEARCH_USER_PATHS = NO;
				ASSETCATALOG_COMPILER_APPICON_NAME = AppIcon;
				CODE_SIGN_STYLE = Manual;
				DEVELOPMENT_TEAM = "";
				ENABLE_BITCODE = NO;
				FRAMEWORK_SEARCH_PATHS = "$(inherited)";
				INFOPLIST_FILE = PlayerKitDemo/Info.plist;
				IPHONEOS_DEPLOYMENT_TARGET = 9.0;
				LD_RUNPATH_SEARCH_PATHS = "$(inherited) @executable_path/Frameworks";
				PRODUCT_BUNDLE_IDENTIFIER = com.gymchina.PlayerKitDemo;
				PRODUCT_NAME = "$(TARGET_NAME)";
				PROVISIONING_PROFILE_SPECIFIER = "";
				TARGETED_DEVICE_FAMILY = "1,2";
			};
			name = Release;
		};
/* End XCBuildConfiguration section */

/* Begin XCConfigurationList section */
		25A536C61FDA9DFA002511DF /* Build configuration list for PBXProject "PlayerKitDemo" */ = {
			isa = XCConfigurationList;
			buildConfigurations = (
				25A536DF1FDA9DFA002511DF /* Debug */,
				25A536E01FDA9DFA002511DF /* Release */,
			);
			defaultConfigurationIsVisible = 0;
			defaultConfigurationName = Release;
		};
		25A536E11FDA9DFA002511DF /* Build configuration list for PBXNativeTarget "PlayerKitDemo" */ = {
			isa = XCConfigurationList;
			buildConfigurations = (
				25A536E21FDA9DFA002511DF /* Debug */,
				25A536E31FDA9DFA002511DF /* Release */,
			);
			defaultConfigurationIsVisible = 0;
			defaultConfigurationName = Release;
		};
/* End XCConfigurationList section */
	};
	rootObject = 25A536C31FDA9DFA002511DF /* Project object */;
}
