// !$*UTF8*$!
{
	archiveVersion = 1;
	classes = {
	};
	objectVersion = 48;
	objects = {

/* Begin PBXBuildFile section */
		1A6660327F1DDC13053E1F39 /* TableViewCell.swift in Sources */ = {isa = PBXBuildFile; fileRef = 1A666E194ED6ACEC592063B0 /* TableViewCell.swift */; };
		1A66604F7EB9AFB1448161B6 /* MMPopupItem.m in Sources */ = {isa = PBXBuildFile; fileRef = 1A66643BBCCBBBAF86AEFE03 /* MMPopupItem.m */; };
		1A6660523BCAA97E19AE5546 /* Dto.swift in Sources */ = {isa = PBXBuildFile; fileRef = 1A666B34E34EEC46FF78EF82 /* Dto.swift */; };
		1A6661B6AFC812F1D759377A /* PlayerNormalDataVM.m in Sources */ = {isa = PBXBuildFile; fileRef = 1A6669BD5C17C0A569888E59 /* PlayerNormalDataVM.m */; };
		1A6662244167B0FFD5E73030 /* MCController.swift in Sources */ = {isa = PBXBuildFile; fileRef = 1A6661CD4D11FEEA5CF3442E /* MCController.swift */; };
		1A66632B898F6168847279EB /* VideoDto.m in Sources */ = {isa = PBXBuildFile; fileRef = 1A666BFE2BC2E95523B943A9 /* VideoDto.m */; };
		1A6663AC2BC2373F75B64B10 /* MMAlertView.m in Sources */ = {isa = PBXBuildFile; fileRef = 1A666C76157D10A31788B33D /* MMAlertView.m */; };
		1A6663C8401920FCA3598762 /* PlayerNormalController+AutoRotate.m in Sources */ = {isa = PBXBuildFile; fileRef = 1A666415603B64106A02A1CE /* PlayerNormalController+AutoRotate.m */; };
		1A666483DC99C3FBF4671320 /* PlayerViewConfig.m in Sources */ = {isa = PBXBuildFile; fileRef = 1A666B5696B81F3782AC4733 /* PlayerViewConfig.m */; };
		1A66649A71107434CF6CC2E4 /* PlayerSimpleView.m in Sources */ = {isa = PBXBuildFile; fileRef = 1A6662D33D66E3759816D291 /* PlayerSimpleView.m */; };
		1A66649D6B19C60372EAC2E6 /* MMPopupWindow.m in Sources */ = {isa = PBXBuildFile; fileRef = 1A6661EA3478B83201013912 /* MMPopupWindow.m */; };
		1A6664C5226E76FBB05BB20E /* CollectionCell.swift in Sources */ = {isa = PBXBuildFile; fileRef = 1A666B264A253FFFC536D338 /* CollectionCell.swift */; };
		1A6665629A6B42392F1B5105 /* DataVM.swift in Sources */ = {isa = PBXBuildFile; fileRef = 1A6668E0D091536A4B550E87 /* DataVM.swift */; };
		1A66657CE6015EC014E84F32 /* PlayerCategroryDto.swift in Sources */ = {isa = PBXBuildFile; fileRef = 1A666499B7D6E4C86D51AB24 /* PlayerCategroryDto.swift */; };
		1A6665CED2ABE0468B36A5D6 /* PlayerSimpleViewCell.m in Sources */ = {isa = PBXBuildFile; fileRef = 1A6660445F254D108DD53ADD /* PlayerSimpleViewCell.m */; };
		1A6667543C566B5161F332BB /* ScrollPlayer2SmallPlayerController.m in Sources */ = {isa = PBXBuildFile; fileRef = 1A6662B57ECA372719D35450 /* ScrollPlayer2SmallPlayerController.m */; };
		1A6667E54C0212DFCC4480BA /* PlayerViewUtils.m in Sources */ = {isa = PBXBuildFile; fileRef = 1A666B0EFE60784483C79F13 /* PlayerViewUtils.m */; };
		1A66680468523F67AA505EE1 /* PlayerCategroryCell.swift in Sources */ = {isa = PBXBuildFile; fileRef = 1A666CF3E6F4334EABEF6FAD /* PlayerCategroryCell.swift */; };
		1A6668ACE3EA635D3C6BB1D7 /* ScrollPlayerController.m in Sources */ = {isa = PBXBuildFile; fileRef = 1A666DFFB0BFB0E5F27599A0 /* ScrollPlayerController.m */; };
		1A6669B7A22EFBEBC87B8E3C /* PlayerProgress.m in Sources */ = {isa = PBXBuildFile; fileRef = 1A666130E7CDF5F3866F4E63 /* PlayerProgress.m */; };
		1A666A18A48F26E0EF9EAF80 /* MMPopupCategory.m in Sources */ = {isa = PBXBuildFile; fileRef = 1A666F06F23F98032435F20E /* MMPopupCategory.m */; };
		1A666A3E5A208405FFB9654E /* SmallPlayerView.m in Sources */ = {isa = PBXBuildFile; fileRef = 1A6669D0EADABD219E8F7DAA /* SmallPlayerView.m */; };
		1A666A7427E5A27BDB29A472 /* PlayerNormalDto.m in Sources */ = {isa = PBXBuildFile; fileRef = 1A6667219B28351BBCC9880F /* PlayerNormalDto.m */; };
		1A666B153AD34B6B2B2C6502 /* MMWindowController.m in Sources */ = {isa = PBXBuildFile; fileRef = 1A6666A1CC6F773B3FAF4606 /* MMWindowController.m */; };
		1A666B8B3C2335C3486B0FAF /* PlayerNormalView.m in Sources */ = {isa = PBXBuildFile; fileRef = 1A666DE85E3238F9516F7DD0 /* PlayerNormalView.m */; };
		1A666B8DDEE35815F470AD50 /* TableViewPlaceHolderCell.m in Sources */ = {isa = PBXBuildFile; fileRef = 1A666AD8E55B754E87E27812 /* TableViewPlaceHolderCell.m */; };
		1A666BE987CE6B2182C25787 /* PlayerCategroiesDataVM.swift in Sources */ = {isa = PBXBuildFile; fileRef = 1A666BBB03D91CE396E53390 /* PlayerCategroiesDataVM.swift */; };
		1A666D0CF395EA3722AD1F19 /* MMSheetView.m in Sources */ = {isa = PBXBuildFile; fileRef = 1A6669DBB62572AE71EBD1E4 /* MMSheetView.m */; };
		1A666DACEB3C6FAB2D333453 /* MMPopupView.m in Sources */ = {isa = PBXBuildFile; fileRef = 1A666D15B47C8EAD955B0F15 /* MMPopupView.m */; };
		1A666EDFE137BFB396ABD1C4 /* PlayerCategroiesTableController.swift in Sources */ = {isa = PBXBuildFile; fileRef = 1A66674451C5C4B1D674AB84 /* PlayerCategroiesTableController.swift */; };
		1A666EE276F447E29E15925E /* PlayerNormalController.m in Sources */ = {isa = PBXBuildFile; fileRef = 1A666BFAC0B27A1493AFD0FB /* PlayerNormalController.m */; };
		1A666EF1F800565628B441C1 /* ScrollPlayerDataVM.m in Sources */ = {isa = PBXBuildFile; fileRef = 1A66683138A99EE426D9BAB1 /* ScrollPlayerDataVM.m */; };
		1A666EFAF6CE45D69FDDCBAB /* PlayerTerminalView.m in Sources */ = {isa = PBXBuildFile; fileRef = 1A666C6EC1DF4E1D8A0C30ED /* PlayerTerminalView.m */; };
		1A666F2BE1EA683F111BA3EA /* PlayerLoadingView.m in Sources */ = {isa = PBXBuildFile; fileRef = 1A666454703B71F719B2FB93 /* PlayerLoadingView.m */; };
		1A666FA14A28B6FB67C420B7 /* MCMediaNotify.m in Sources */ = {isa = PBXBuildFile; fileRef = 1A666FABAEEFD416B93A5D7C /* MCMediaNotify.m */; };
		250A49C91FE3DD2200F56C17 /* VideoToolbox.framework in Frameworks */ = {isa = PBXBuildFile; fileRef = 250A49C81FE3DD2200F56C17 /* VideoToolbox.framework */; };
		250A49CB1FE3DD4400F56C17 /* AVFoundation.framework in Frameworks */ = {isa = PBXBuildFile; fileRef = 250A49CA1FE3DD4400F56C17 /* AVFoundation.framework */; };
		250A49CD1FE3DD4C00F56C17 /* CoreGraphics.framework in Frameworks */ = {isa = PBXBuildFile; fileRef = 250A49CC1FE3DD4C00F56C17 /* CoreGraphics.framework */; };
		250A49CF1FE3DD9600F56C17 /* CoreMedia.framework in Frameworks */ = {isa = PBXBuildFile; fileRef = 250A49CE1FE3DD9600F56C17 /* CoreMedia.framework */; };
		250A49D11FE3DD9E00F56C17 /* CoreVideo.framework in Frameworks */ = {isa = PBXBuildFile; fileRef = 250A49D01FE3DD9E00F56C17 /* CoreVideo.framework */; };
		250A49D31FE3DDA800F56C17 /* libbz2.tbd in Frameworks */ = {isa = PBXBuildFile; fileRef = 250A49D21FE3DDA800F56C17 /* libbz2.tbd */; };
		250A49D51FE3DDB100F56C17 /* libz.tbd in Frameworks */ = {isa = PBXBuildFile; fileRef = 250A49D41FE3DDB100F56C17 /* libz.tbd */; };
		250A49D71FE3DDBC00F56C17 /* MediaPlayer.framework in Frameworks */ = {isa = PBXBuildFile; fileRef = 250A49D61FE3DDBC00F56C17 /* MediaPlayer.framework */; };
		250A49D91FE3DDC600F56C17 /* MobileCoreServices.framework in Frameworks */ = {isa = PBXBuildFile; fileRef = 250A49D81FE3DDC600F56C17 /* MobileCoreServices.framework */; };
		250A49DB1FE3DDD100F56C17 /* OpenGLES.framework in Frameworks */ = {isa = PBXBuildFile; fileRef = 250A49DA1FE3DDD100F56C17 /* OpenGLES.framework */; };
		250A49DD1FE3DDDA00F56C17 /* QuartzCore.framework in Frameworks */ = {isa = PBXBuildFile; fileRef = 250A49DC1FE3DDDA00F56C17 /* QuartzCore.framework */; };
		250A49DF1FE3DDE300F56C17 /* UIKit.framework in Frameworks */ = {isa = PBXBuildFile; fileRef = 250A49DE1FE3DDE300F56C17 /* UIKit.framework */; };
		250A49E31FE3DF9900F56C17 /* libc++.tbd in Frameworks */ = {isa = PBXBuildFile; fileRef = 250A49E21FE3DF9900F56C17 /* libc++.tbd */; };
		250F1E9A1FFCE6A300F564AD /* Player.xcassets in Resources */ = {isa = PBXBuildFile; fileRef = 250F1E991FFCE6A300F564AD /* Player.xcassets */; };
		25A536D01FDA9DFA002511DF /* AppDelegate.m in Sources */ = {isa = PBXBuildFile; fileRef = 25A536CF1FDA9DFA002511DF /* AppDelegate.m */; };
		25A536D81FDA9DFA002511DF /* Assets.xcassets in Resources */ = {isa = PBXBuildFile; fileRef = 25A536D71FDA9DFA002511DF /* Assets.xcassets */; };
		25A536DB1FDA9DFA002511DF /* LaunchScreen.storyboard in Resources */ = {isa = PBXBuildFile; fileRef = 25A536D91FDA9DFA002511DF /* LaunchScreen.storyboard */; };
		25A536DE1FDA9DFA002511DF /* main.m in Sources */ = {isa = PBXBuildFile; fileRef = 25A536DD1FDA9DFA002511DF /* main.m */; };
		25C1F18A1FE8E412007F39C2 /* MCPlayerKit.framework in Frameworks */ = {isa = PBXBuildFile; fileRef = 250A49BD1FE3D38700F56C17 /* MCPlayerKit.framework */; };
		25C1F18B1FE8E412007F39C2 /* MCPlayerKit.framework in Embed Frameworks */ = {isa = PBXBuildFile; fileRef = 250A49BD1FE3D38700F56C17 /* MCPlayerKit.framework */; settings = {ATTRIBUTES = (CodeSignOnCopy, RemoveHeadersOnCopy, ); }; };
		3B3F235F10699A53D5F36D28 /* libPods-PlayerKitDemo.a in Frameworks */ = {isa = PBXBuildFile; fileRef = 08E35018D0726C1C19647408 /* libPods-PlayerKitDemo.a */; };
/* End PBXBuildFile section */

/* Begin PBXContainerItemProxy section */
		250A49BC1FE3D38700F56C17 /* PBXContainerItemProxy */ = {
			isa = PBXContainerItemProxy;
			containerPortal = 250A49B81FE3D38700F56C17 /* MCPlayerKit.xcodeproj */;
			proxyType = 2;
			remoteGlobalIDString = 250A48A31FDFDFB700F56C17;
			remoteInfo = MCPlayerKit;
		};
		25C1F1871FE8E3E8007F39C2 /* PBXContainerItemProxy */ = {
			isa = PBXContainerItemProxy;
			containerPortal = 250A49B81FE3D38700F56C17 /* MCPlayerKit.xcodeproj */;
			proxyType = 1;
			remoteGlobalIDString = 250A48A21FDFDFB700F56C17;
			remoteInfo = MCPlayerKit;
		};
		25C1F18C1FE8E412007F39C2 /* PBXContainerItemProxy */ = {
			isa = PBXContainerItemProxy;
			containerPortal = 250A49B81FE3D38700F56C17 /* MCPlayerKit.xcodeproj */;
			proxyType = 1;
			remoteGlobalIDString = 250A48A21FDFDFB700F56C17;
			remoteInfo = MCPlayerKit;
		};
/* End PBXContainerItemProxy section */

/* Begin PBXCopyFilesBuildPhase section */
		25B2FAA31FE11EA900AFE8AC /* Embed Frameworks */ = {
			isa = PBXCopyFilesBuildPhase;
			buildActionMask = 2147483647;
			dstPath = "";
			dstSubfolderSpec = 10;
			files = (
				25C1F18B1FE8E412007F39C2 /* MCPlayerKit.framework in Embed Frameworks */,
			);
			name = "Embed Frameworks";
			runOnlyForDeploymentPostprocessing = 0;
		};
/* End PBXCopyFilesBuildPhase section */

/* Begin PBXFileReference section */
		08E35018D0726C1C19647408 /* libPods-PlayerKitDemo.a */ = {isa = PBXFileReference; explicitFileType = archive.ar; includeInIndex = 0; path = "libPods-PlayerKitDemo.a"; sourceTree = BUILT_PRODUCTS_DIR; };
		1A6660445F254D108DD53ADD /* PlayerSimpleViewCell.m */ = {isa = PBXFileReference; fileEncoding = 4; lastKnownFileType = sourcecode.c.objc; path = PlayerSimpleViewCell.m; sourceTree = "<group>"; };
		1A66605C540551184D6B3264 /* TableViewPlaceHolderCell.h */ = {isa = PBXFileReference; fileEncoding = 4; lastKnownFileType = sourcecode.c.h; path = TableViewPlaceHolderCell.h; sourceTree = "<group>"; };
		1A6660DD1196B32016077846 /* PlayerNormalDataVM.h */ = {isa = PBXFileReference; fileEncoding = 4; lastKnownFileType = sourcecode.c.h; path = PlayerNormalDataVM.h; sourceTree = "<group>"; };
		1A666130E7CDF5F3866F4E63 /* PlayerProgress.m */ = {isa = PBXFileReference; fileEncoding = 4; lastKnownFileType = sourcecode.c.objc; path = PlayerProgress.m; sourceTree = "<group>"; };
		1A6661CD4D11FEEA5CF3442E /* MCController.swift */ = {isa = PBXFileReference; fileEncoding = 4; lastKnownFileType = sourcecode.swift; path = MCController.swift; sourceTree = "<group>"; };
		1A6661EA3478B83201013912 /* MMPopupWindow.m */ = {isa = PBXFileReference; fileEncoding = 4; lastKnownFileType = sourcecode.c.objc; path = MMPopupWindow.m; sourceTree = "<group>"; };
		1A6662B57ECA372719D35450 /* ScrollPlayer2SmallPlayerController.m */ = {isa = PBXFileReference; fileEncoding = 4; lastKnownFileType = sourcecode.c.objc; path = ScrollPlayer2SmallPlayerController.m; sourceTree = "<group>"; };
		1A6662D33D66E3759816D291 /* PlayerSimpleView.m */ = {isa = PBXFileReference; fileEncoding = 4; lastKnownFileType = sourcecode.c.objc; path = PlayerSimpleView.m; sourceTree = "<group>"; };
		1A666415603B64106A02A1CE /* PlayerNormalController+AutoRotate.m */ = {isa = PBXFileReference; fileEncoding = 4; lastKnownFileType = sourcecode.c.objc; path = "PlayerNormalController+AutoRotate.m"; sourceTree = "<group>"; };
		1A66643BBCCBBBAF86AEFE03 /* MMPopupItem.m */ = {isa = PBXFileReference; fileEncoding = 4; lastKnownFileType = sourcecode.c.objc; path = MMPopupItem.m; sourceTree = "<group>"; };
		1A666454703B71F719B2FB93 /* PlayerLoadingView.m */ = {isa = PBXFileReference; fileEncoding = 4; lastKnownFileType = sourcecode.c.objc; path = PlayerLoadingView.m; sourceTree = "<group>"; };
		1A666459030A6BD99333596A /* MMWindowController.h */ = {isa = PBXFileReference; fileEncoding = 4; lastKnownFileType = sourcecode.c.h; path = MMWindowController.h; sourceTree = "<group>"; };
		1A66646A54F94904B9866D34 /* ScrollPlayerDataVM.h */ = {isa = PBXFileReference; fileEncoding = 4; lastKnownFileType = sourcecode.c.h; path = ScrollPlayerDataVM.h; sourceTree = "<group>"; };
		1A666476457AF101CFBE214F /* PlayerSimpleViewCell.h */ = {isa = PBXFileReference; fileEncoding = 4; lastKnownFileType = sourcecode.c.h; path = PlayerSimpleViewCell.h; sourceTree = "<group>"; };
		1A666499B7D6E4C86D51AB24 /* PlayerCategroryDto.swift */ = {isa = PBXFileReference; fileEncoding = 4; lastKnownFileType = sourcecode.swift; path = PlayerCategroryDto.swift; sourceTree = "<group>"; };
		1A6664A374578BE38CA77005 /* PlayerTerminalView.h */ = {isa = PBXFileReference; fileEncoding = 4; lastKnownFileType = sourcecode.c.h; path = PlayerTerminalView.h; sourceTree = "<group>"; };
		1A66653C1D02E9A917428D8F /* PlayerProgress.h */ = {isa = PBXFileReference; fileEncoding = 4; lastKnownFileType = sourcecode.c.h; path = PlayerProgress.h; sourceTree = "<group>"; };
		1A6665448EBA033DE1EC48C5 /* MMSheetView.h */ = {isa = PBXFileReference; fileEncoding = 4; lastKnownFileType = sourcecode.c.h; path = MMSheetView.h; sourceTree = "<group>"; };
		1A66654EA943E104B3BD87FC /* PlayerSimpleView.h */ = {isa = PBXFileReference; fileEncoding = 4; lastKnownFileType = sourcecode.c.h; path = PlayerSimpleView.h; sourceTree = "<group>"; };
		1A6666154010E62100FC8852 /* PlayerNormalController+AutoRotate.h */ = {isa = PBXFileReference; fileEncoding = 4; lastKnownFileType = sourcecode.c.h; path = "PlayerNormalController+AutoRotate.h"; sourceTree = "<group>"; };
		1A6666422B5030B39F58766B /* VideoDto.h */ = {isa = PBXFileReference; fileEncoding = 4; lastKnownFileType = sourcecode.c.h; path = VideoDto.h; sourceTree = "<group>"; };
		1A6666960E4E1044032C5EC2 /* ScrollPlayer2SmallPlayerController.h */ = {isa = PBXFileReference; fileEncoding = 4; lastKnownFileType = sourcecode.c.h; path = ScrollPlayer2SmallPlayerController.h; sourceTree = "<group>"; };
		1A6666A1CC6F773B3FAF4606 /* MMWindowController.m */ = {isa = PBXFileReference; fileEncoding = 4; lastKnownFileType = sourcecode.c.objc; path = MMWindowController.m; sourceTree = "<group>"; };
		1A66670FFC6E7F08B4F600A7 /* MMPopupWindow.h */ = {isa = PBXFileReference; fileEncoding = 4; lastKnownFileType = sourcecode.c.h; path = MMPopupWindow.h; sourceTree = "<group>"; };
		1A6667219B28351BBCC9880F /* PlayerNormalDto.m */ = {isa = PBXFileReference; fileEncoding = 4; lastKnownFileType = sourcecode.c.objc; path = PlayerNormalDto.m; sourceTree = "<group>"; };
		1A66674451C5C4B1D674AB84 /* PlayerCategroiesTableController.swift */ = {isa = PBXFileReference; fileEncoding = 4; lastKnownFileType = sourcecode.swift; path = PlayerCategroiesTableController.swift; sourceTree = "<group>"; };
		1A6667621E9700F37A34101A /* PlayerNormalView.h */ = {isa = PBXFileReference; fileEncoding = 4; lastKnownFileType = sourcecode.c.h; path = PlayerNormalView.h; sourceTree = "<group>"; };
		1A66683138A99EE426D9BAB1 /* ScrollPlayerDataVM.m */ = {isa = PBXFileReference; fileEncoding = 4; lastKnownFileType = sourcecode.c.objc; path = ScrollPlayerDataVM.m; sourceTree = "<group>"; };
		1A6668855E9678E15D5A4EE6 /* MMPopupItem.h */ = {isa = PBXFileReference; fileEncoding = 4; lastKnownFileType = sourcecode.c.h; path = MMPopupItem.h; sourceTree = "<group>"; };
		1A6668E0D091536A4B550E87 /* DataVM.swift */ = {isa = PBXFileReference; fileEncoding = 4; lastKnownFileType = sourcecode.swift; path = DataVM.swift; sourceTree = "<group>"; };
		1A6668F4C4FE733FCB98D19C /* MMAlertView.h */ = {isa = PBXFileReference; fileEncoding = 4; lastKnownFileType = sourcecode.c.h; path = MMAlertView.h; sourceTree = "<group>"; };
		1A666935286DE7265DC38710 /* SmallPlayerView.h */ = {isa = PBXFileReference; fileEncoding = 4; lastKnownFileType = sourcecode.c.h; path = SmallPlayerView.h; sourceTree = "<group>"; };
		1A6669BD5C17C0A569888E59 /* PlayerNormalDataVM.m */ = {isa = PBXFileReference; fileEncoding = 4; lastKnownFileType = sourcecode.c.objc; path = PlayerNormalDataVM.m; sourceTree = "<group>"; };
		1A6669D0EADABD219E8F7DAA /* SmallPlayerView.m */ = {isa = PBXFileReference; fileEncoding = 4; lastKnownFileType = sourcecode.c.objc; path = SmallPlayerView.m; sourceTree = "<group>"; };
		1A6669DBB62572AE71EBD1E4 /* MMSheetView.m */ = {isa = PBXFileReference; fileEncoding = 4; lastKnownFileType = sourcecode.c.objc; path = MMSheetView.m; sourceTree = "<group>"; };
		1A666A8B2C4000521DABCCCB /* MMPopupCategory.h */ = {isa = PBXFileReference; fileEncoding = 4; lastKnownFileType = sourcecode.c.h; path = MMPopupCategory.h; sourceTree = "<group>"; };
		1A666AD8E55B754E87E27812 /* TableViewPlaceHolderCell.m */ = {isa = PBXFileReference; fileEncoding = 4; lastKnownFileType = sourcecode.c.objc; path = TableViewPlaceHolderCell.m; sourceTree = "<group>"; };
		1A666B0EFE60784483C79F13 /* PlayerViewUtils.m */ = {isa = PBXFileReference; fileEncoding = 4; lastKnownFileType = sourcecode.c.objc; path = PlayerViewUtils.m; sourceTree = "<group>"; };
		1A666B264A253FFFC536D338 /* CollectionCell.swift */ = {isa = PBXFileReference; fileEncoding = 4; lastKnownFileType = sourcecode.swift; path = CollectionCell.swift; sourceTree = "<group>"; };
		1A666B34E34EEC46FF78EF82 /* Dto.swift */ = {isa = PBXFileReference; fileEncoding = 4; lastKnownFileType = sourcecode.swift; path = Dto.swift; sourceTree = "<group>"; };
		1A666B5696B81F3782AC4733 /* PlayerViewConfig.m */ = {isa = PBXFileReference; fileEncoding = 4; lastKnownFileType = sourcecode.c.objc; path = PlayerViewConfig.m; sourceTree = "<group>"; };
		1A666BBB03D91CE396E53390 /* PlayerCategroiesDataVM.swift */ = {isa = PBXFileReference; fileEncoding = 4; lastKnownFileType = sourcecode.swift; path = PlayerCategroiesDataVM.swift; sourceTree = "<group>"; };
		1A666BFAC0B27A1493AFD0FB /* PlayerNormalController.m */ = {isa = PBXFileReference; fileEncoding = 4; lastKnownFileType = sourcecode.c.objc; path = PlayerNormalController.m; sourceTree = "<group>"; };
		1A666BFE2BC2E95523B943A9 /* VideoDto.m */ = {isa = PBXFileReference; fileEncoding = 4; lastKnownFileType = sourcecode.c.objc; path = VideoDto.m; sourceTree = "<group>"; };
		1A666C6EC1DF4E1D8A0C30ED /* PlayerTerminalView.m */ = {isa = PBXFileReference; fileEncoding = 4; lastKnownFileType = sourcecode.c.objc; path = PlayerTerminalView.m; sourceTree = "<group>"; };
		1A666C76157D10A31788B33D /* MMAlertView.m */ = {isa = PBXFileReference; fileEncoding = 4; lastKnownFileType = sourcecode.c.objc; path = MMAlertView.m; sourceTree = "<group>"; };
		1A666C816BCFB80DE1C269B9 /* MMPopupDefine.h */ = {isa = PBXFileReference; fileEncoding = 4; lastKnownFileType = sourcecode.c.h; path = MMPopupDefine.h; sourceTree = "<group>"; };
		1A666CF3E6F4334EABEF6FAD /* PlayerCategroryCell.swift */ = {isa = PBXFileReference; fileEncoding = 4; lastKnownFileType = sourcecode.swift; path = PlayerCategroryCell.swift; sourceTree = "<group>"; };
		1A666D0F02247EA05D824F1D /* PlayerViewUtils.h */ = {isa = PBXFileReference; fileEncoding = 4; lastKnownFileType = sourcecode.c.h; path = PlayerViewUtils.h; sourceTree = "<group>"; };
		1A666D15B47C8EAD955B0F15 /* MMPopupView.m */ = {isa = PBXFileReference; fileEncoding = 4; lastKnownFileType = sourcecode.c.objc; path = MMPopupView.m; sourceTree = "<group>"; };
		1A666D23CB6CE466D76F3B15 /* MMPopupView.h */ = {isa = PBXFileReference; fileEncoding = 4; lastKnownFileType = sourcecode.c.h; path = MMPopupView.h; sourceTree = "<group>"; };
		1A666DE85E3238F9516F7DD0 /* PlayerNormalView.m */ = {isa = PBXFileReference; fileEncoding = 4; lastKnownFileType = sourcecode.c.objc; path = PlayerNormalView.m; sourceTree = "<group>"; };
		1A666DFFB0BFB0E5F27599A0 /* ScrollPlayerController.m */ = {isa = PBXFileReference; fileEncoding = 4; lastKnownFileType = sourcecode.c.objc; path = ScrollPlayerController.m; sourceTree = "<group>"; };
		1A666E194ED6ACEC592063B0 /* TableViewCell.swift */ = {isa = PBXFileReference; fileEncoding = 4; lastKnownFileType = sourcecode.swift; path = TableViewCell.swift; sourceTree = "<group>"; };
		1A666E197CA29C1B91F6BEC2 /* PlayerViewConfig.h */ = {isa = PBXFileReference; fileEncoding = 4; lastKnownFileType = sourcecode.c.h; path = PlayerViewConfig.h; sourceTree = "<group>"; };
		1A666F06F23F98032435F20E /* MMPopupCategory.m */ = {isa = PBXFileReference; fileEncoding = 4; lastKnownFileType = sourcecode.c.objc; path = MMPopupCategory.m; sourceTree = "<group>"; };
		1A666F0B4E3B58083E516C7D /* ScrollPlayerController.h */ = {isa = PBXFileReference; fileEncoding = 4; lastKnownFileType = sourcecode.c.h; path = ScrollPlayerController.h; sourceTree = "<group>"; };
		1A666F217FD41BD1585C54B0 /* PlayerNormalController.h */ = {isa = PBXFileReference; fileEncoding = 4; lastKnownFileType = sourcecode.c.h; path = PlayerNormalController.h; sourceTree = "<group>"; };
		1A666F43E67FB2BB15CEC664 /* PlayerNormalDto.h */ = {isa = PBXFileReference; fileEncoding = 4; lastKnownFileType = sourcecode.c.h; path = PlayerNormalDto.h; sourceTree = "<group>"; };
		1A666F7306F27A4BDA1B8B35 /* MCMediaNotify.h */ = {isa = PBXFileReference; fileEncoding = 4; lastKnownFileType = sourcecode.c.h; path = MCMediaNotify.h; sourceTree = "<group>"; };
		1A666F7C0E11008A9674E9FB /* PlayerLoadingView.h */ = {isa = PBXFileReference; fileEncoding = 4; lastKnownFileType = sourcecode.c.h; path = PlayerLoadingView.h; sourceTree = "<group>"; };
		1A666FABAEEFD416B93A5D7C /* MCMediaNotify.m */ = {isa = PBXFileReference; fileEncoding = 4; lastKnownFileType = sourcecode.c.objc; path = MCMediaNotify.m; sourceTree = "<group>"; };
		250A49B81FE3D38700F56C17 /* MCPlayerKit.xcodeproj */ = {isa = PBXFileReference; lastKnownFileType = "wrapper.pb-project"; name = MCPlayerKit.xcodeproj; path = ../PlayerKit/MCPlayerKit.xcodeproj; sourceTree = "<group>"; };
		250A49C81FE3DD2200F56C17 /* VideoToolbox.framework */ = {isa = PBXFileReference; lastKnownFileType = wrapper.framework; name = VideoToolbox.framework; path = System/Library/Frameworks/VideoToolbox.framework; sourceTree = SDKROOT; };
		250A49CA1FE3DD4400F56C17 /* AVFoundation.framework */ = {isa = PBXFileReference; lastKnownFileType = wrapper.framework; name = AVFoundation.framework; path = System/Library/Frameworks/AVFoundation.framework; sourceTree = SDKROOT; };
		250A49CC1FE3DD4C00F56C17 /* CoreGraphics.framework */ = {isa = PBXFileReference; lastKnownFileType = wrapper.framework; name = CoreGraphics.framework; path = System/Library/Frameworks/CoreGraphics.framework; sourceTree = SDKROOT; };
		250A49CE1FE3DD9600F56C17 /* CoreMedia.framework */ = {isa = PBXFileReference; lastKnownFileType = wrapper.framework; name = CoreMedia.framework; path = System/Library/Frameworks/CoreMedia.framework; sourceTree = SDKROOT; };
		250A49D01FE3DD9E00F56C17 /* CoreVideo.framework */ = {isa = PBXFileReference; lastKnownFileType = wrapper.framework; name = CoreVideo.framework; path = System/Library/Frameworks/CoreVideo.framework; sourceTree = SDKROOT; };
		250A49D21FE3DDA800F56C17 /* libbz2.tbd */ = {isa = PBXFileReference; lastKnownFileType = "sourcecode.text-based-dylib-definition"; name = libbz2.tbd; path = usr/lib/libbz2.tbd; sourceTree = SDKROOT; };
		250A49D41FE3DDB100F56C17 /* libz.tbd */ = {isa = PBXFileReference; lastKnownFileType = "sourcecode.text-based-dylib-definition"; name = libz.tbd; path = usr/lib/libz.tbd; sourceTree = SDKROOT; };
		250A49D61FE3DDBC00F56C17 /* MediaPlayer.framework */ = {isa = PBXFileReference; lastKnownFileType = wrapper.framework; name = MediaPlayer.framework; path = System/Library/Frameworks/MediaPlayer.framework; sourceTree = SDKROOT; };
		250A49D81FE3DDC600F56C17 /* MobileCoreServices.framework */ = {isa = PBXFileReference; lastKnownFileType = wrapper.framework; name = MobileCoreServices.framework; path = System/Library/Frameworks/MobileCoreServices.framework; sourceTree = SDKROOT; };
		250A49DA1FE3DDD100F56C17 /* OpenGLES.framework */ = {isa = PBXFileReference; lastKnownFileType = wrapper.framework; name = OpenGLES.framework; path = System/Library/Frameworks/OpenGLES.framework; sourceTree = SDKROOT; };
		250A49DC1FE3DDDA00F56C17 /* QuartzCore.framework */ = {isa = PBXFileReference; lastKnownFileType = wrapper.framework; name = QuartzCore.framework; path = System/Library/Frameworks/QuartzCore.framework; sourceTree = SDKROOT; };
		250A49DE1FE3DDE300F56C17 /* UIKit.framework */ = {isa = PBXFileReference; lastKnownFileType = wrapper.framework; name = UIKit.framework; path = System/Library/Frameworks/UIKit.framework; sourceTree = SDKROOT; };
		250A49E21FE3DF9900F56C17 /* libc++.tbd */ = {isa = PBXFileReference; lastKnownFileType = "sourcecode.text-based-dylib-definition"; name = "libc++.tbd"; path = "usr/lib/libc++.tbd"; sourceTree = SDKROOT; };
		250A49E41FE3DFD400F56C17 /* Metal.framework */ = {isa = PBXFileReference; lastKnownFileType = wrapper.framework; name = Metal.framework; path = System/Library/Frameworks/Metal.framework; sourceTree = SDKROOT; };
		250F1E991FFCE6A300F564AD /* Player.xcassets */ = {isa = PBXFileReference; lastKnownFileType = folder.assetcatalog; path = Player.xcassets; sourceTree = "<group>"; };
		25A536CB1FDA9DFA002511DF /* PlayerKitDemo.app */ = {isa = PBXFileReference; explicitFileType = wrapper.application; includeInIndex = 0; path = PlayerKitDemo.app; sourceTree = BUILT_PRODUCTS_DIR; };
		25A536CE1FDA9DFA002511DF /* AppDelegate.h */ = {isa = PBXFileReference; lastKnownFileType = sourcecode.c.h; path = AppDelegate.h; sourceTree = "<group>"; };
		25A536CF1FDA9DFA002511DF /* AppDelegate.m */ = {isa = PBXFileReference; lastKnownFileType = sourcecode.c.objc; path = AppDelegate.m; sourceTree = "<group>"; };
		25A536D71FDA9DFA002511DF /* Assets.xcassets */ = {isa = PBXFileReference; lastKnownFileType = folder.assetcatalog; path = Assets.xcassets; sourceTree = "<group>"; };
		25A536DA1FDA9DFA002511DF /* Base */ = {isa = PBXFileReference; lastKnownFileType = file.storyboard; name = Base; path = Base.lproj/LaunchScreen.storyboard; sourceTree = "<group>"; };
		25A536DC1FDA9DFA002511DF /* Info.plist */ = {isa = PBXFileReference; lastKnownFileType = text.plist.xml; path = Info.plist; sourceTree = "<group>"; };
		25A536DD1FDA9DFA002511DF /* main.m */ = {isa = PBXFileReference; lastKnownFileType = sourcecode.c.objc; path = main.m; sourceTree = "<group>"; };
		25C1F1901FE8E546007F39C2 /* IJKMediaFramework.framework */ = {isa = PBXFileReference; lastKnownFileType = wrapper.framework; path = IJKMediaFramework.framework; sourceTree = "<group>"; };
		25DE19561FE3EE1A005CD97C /* MetalKit.framework */ = {isa = PBXFileReference; lastKnownFileType = wrapper.framework; name = MetalKit.framework; path = System/Library/Frameworks/MetalKit.framework; sourceTree = SDKROOT; };
		658AF439C28156EB4B42FE20 /* Pods-PlayerKitDemo.debug.xcconfig */ = {isa = PBXFileReference; includeInIndex = 1; lastKnownFileType = text.xcconfig; name = "Pods-PlayerKitDemo.debug.xcconfig"; path = "Pods/Target Support Files/Pods-PlayerKitDemo/Pods-PlayerKitDemo.debug.xcconfig"; sourceTree = "<group>"; };
		B00A8E2810ED2A8E4D854DF1 /* Pods-PlayerKitDemo.release.xcconfig */ = {isa = PBXFileReference; includeInIndex = 1; lastKnownFileType = text.xcconfig; name = "Pods-PlayerKitDemo.release.xcconfig"; path = "Pods/Target Support Files/Pods-PlayerKitDemo/Pods-PlayerKitDemo.release.xcconfig"; sourceTree = "<group>"; };
/* End PBXFileReference section */

/* Begin PBXFrameworksBuildPhase section */
		25A536C81FDA9DFA002511DF /* Frameworks */ = {
			isa = PBXFrameworksBuildPhase;
			buildActionMask = 2147483647;
			files = (
				250A49E31FE3DF9900F56C17 /* libc++.tbd in Frameworks */,
				250A49C91FE3DD2200F56C17 /* VideoToolbox.framework in Frameworks */,
				250A49DF1FE3DDE300F56C17 /* UIKit.framework in Frameworks */,
				250A49DD1FE3DDDA00F56C17 /* QuartzCore.framework in Frameworks */,
				250A49DB1FE3DDD100F56C17 /* OpenGLES.framework in Frameworks */,
				250A49D91FE3DDC600F56C17 /* MobileCoreServices.framework in Frameworks */,
				25C1F18A1FE8E412007F39C2 /* MCPlayerKit.framework in Frameworks */,
				250A49D71FE3DDBC00F56C17 /* MediaPlayer.framework in Frameworks */,
				250A49D51FE3DDB100F56C17 /* libz.tbd in Frameworks */,
				250A49D31FE3DDA800F56C17 /* libbz2.tbd in Frameworks */,
				250A49D11FE3DD9E00F56C17 /* CoreVideo.framework in Frameworks */,
				250A49CF1FE3DD9600F56C17 /* CoreMedia.framework in Frameworks */,
				250A49CD1FE3DD4C00F56C17 /* CoreGraphics.framework in Frameworks */,
				250A49CB1FE3DD4400F56C17 /* AVFoundation.framework in Frameworks */,
				3B3F235F10699A53D5F36D28 /* libPods-PlayerKitDemo.a in Frameworks */,
			);
			runOnlyForDeploymentPostprocessing = 0;
		};
/* End PBXFrameworksBuildPhase section */

/* Begin PBXGroup section */
		1A6662419D6E31B10076EB89 /* Commen */ = {
			isa = PBXGroup;
			children = (
				1A666B34E34EEC46FF78EF82 /* Dto.swift */,
				1A6668E0D091536A4B550E87 /* DataVM.swift */,
				1A666B264A253FFFC536D338 /* CollectionCell.swift */,
				1A6661CD4D11FEEA5CF3442E /* MCController.swift */,
				1A666E194ED6ACEC592063B0 /* TableViewCell.swift */,
			);
			path = Commen;
			sourceTree = "<group>";
		};
		1A6662D49E9281EC622A137A /* PlayerViews */ = {
			isa = PBXGroup;
			children = (
				1A666BD582D7D7DEE49A45EB /* PlayerNormalView */,
				1A66695EB559CDE6A8EC7625 /* PlayerSimpleView */,
				1A666776A06B115C51DA40CC /* SmallPlayer */,
			);
			path = PlayerViews;
			sourceTree = "<group>";
		};
		1A666438B0CBAB23E6F47A7B /* MMPopupView */ = {
			isa = PBXGroup;
			children = (
				1A6668F4C4FE733FCB98D19C /* MMAlertView.h */,
				1A666C76157D10A31788B33D /* MMAlertView.m */,
				1A6668855E9678E15D5A4EE6 /* MMPopupItem.h */,
				1A66643BBCCBBBAF86AEFE03 /* MMPopupItem.m */,
				1A666D23CB6CE466D76F3B15 /* MMPopupView.h */,
				1A666D15B47C8EAD955B0F15 /* MMPopupView.m */,
				1A6665448EBA033DE1EC48C5 /* MMSheetView.h */,
				1A6669DBB62572AE71EBD1E4 /* MMSheetView.m */,
				1A666C816BCFB80DE1C269B9 /* MMPopupDefine.h */,
				1A66670FFC6E7F08B4F600A7 /* MMPopupWindow.h */,
				1A6661EA3478B83201013912 /* MMPopupWindow.m */,
				1A666A8B2C4000521DABCCCB /* MMPopupCategory.h */,
				1A666F06F23F98032435F20E /* MMPopupCategory.m */,
				1A666459030A6BD99333596A /* MMWindowController.h */,
				1A6666A1CC6F773B3FAF4606 /* MMWindowController.m */,
			);
			path = MMPopupView;
			sourceTree = "<group>";
		};
		1A666455D4EE0B61850DA629 /* Classes */ = {
			isa = PBXGroup;
			children = (
				1A6666365ABFA0B8C9EFDFCD /* Demo */,
				1A6662419D6E31B10076EB89 /* Commen */,
				1A6662D49E9281EC622A137A /* PlayerViews */,
				1A666DF72E9197FA7F7CCCC9 /* Vendor */,
			);
			path = Classes;
			sourceTree = "<group>";
		};
		1A6666365ABFA0B8C9EFDFCD /* Demo */ = {
			isa = PBXGroup;
			children = (
				1A666D171F1D95C3EE51BD12 /* List */,
				1A666F6D5926D514870E08AA /* Player */,
				1A6667E1A3C3D17FC950E617 /* ScrollPlayer */,
				1A66678595BEF040EC25002D /* ScrollPlayer2SmallPlayer */,
			);
			path = Demo;
			sourceTree = "<group>";
		};
		1A666776A06B115C51DA40CC /* SmallPlayer */ = {
			isa = PBXGroup;
			children = (
				1A6669D0EADABD219E8F7DAA /* SmallPlayerView.m */,
				1A666935286DE7265DC38710 /* SmallPlayerView.h */,
			);
			path = SmallPlayer;
			sourceTree = "<group>";
		};
		1A66678595BEF040EC25002D /* ScrollPlayer2SmallPlayer */ = {
			isa = PBXGroup;
			children = (
				1A6662B57ECA372719D35450 /* ScrollPlayer2SmallPlayerController.m */,
				1A6666960E4E1044032C5EC2 /* ScrollPlayer2SmallPlayerController.h */,
			);
			path = ScrollPlayer2SmallPlayer;
			sourceTree = "<group>";
		};
		1A6667E1A3C3D17FC950E617 /* ScrollPlayer */ = {
			isa = PBXGroup;
			children = (
				1A666DFFB0BFB0E5F27599A0 /* ScrollPlayerController.m */,
				1A666F0B4E3B58083E516C7D /* ScrollPlayerController.h */,
				1A66683138A99EE426D9BAB1 /* ScrollPlayerDataVM.m */,
				1A66646A54F94904B9866D34 /* ScrollPlayerDataVM.h */,
				1A6660445F254D108DD53ADD /* PlayerSimpleViewCell.m */,
				1A666476457AF101CFBE214F /* PlayerSimpleViewCell.h */,
				1A666AD8E55B754E87E27812 /* TableViewPlaceHolderCell.m */,
				1A66605C540551184D6B3264 /* TableViewPlaceHolderCell.h */,
				1A666BFE2BC2E95523B943A9 /* VideoDto.m */,
				1A6666422B5030B39F58766B /* VideoDto.h */,
			);
			path = ScrollPlayer;
			sourceTree = "<group>";
		};
		1A66695EB559CDE6A8EC7625 /* PlayerSimpleView */ = {
			isa = PBXGroup;
			children = (
				1A6662D33D66E3759816D291 /* PlayerSimpleView.m */,
				1A66654EA943E104B3BD87FC /* PlayerSimpleView.h */,
			);
			path = PlayerSimpleView;
			sourceTree = "<group>";
		};
		1A666A4B57F9C19C52B94BB0 /* UtilsView */ = {
			isa = PBXGroup;
			children = (
				1A666F7306F27A4BDA1B8B35 /* MCMediaNotify.h */,
				1A666FABAEEFD416B93A5D7C /* MCMediaNotify.m */,
				1A66653C1D02E9A917428D8F /* PlayerProgress.h */,
				1A666130E7CDF5F3866F4E63 /* PlayerProgress.m */,
				1A666D0F02247EA05D824F1D /* PlayerViewUtils.h */,
				1A666B0EFE60784483C79F13 /* PlayerViewUtils.m */,
				1A666F7C0E11008A9674E9FB /* PlayerLoadingView.h */,
				1A666454703B71F719B2FB93 /* PlayerLoadingView.m */,
				1A6664A374578BE38CA77005 /* PlayerTerminalView.h */,
				1A666C6EC1DF4E1D8A0C30ED /* PlayerTerminalView.m */,
			);
			path = UtilsView;
			sourceTree = "<group>";
		};
		1A666BD582D7D7DEE49A45EB /* PlayerNormalView */ = {
			isa = PBXGroup;
			children = (
				1A666A4B57F9C19C52B94BB0 /* UtilsView */,
				1A666B5696B81F3782AC4733 /* PlayerViewConfig.m */,
				1A666E197CA29C1B91F6BEC2 /* PlayerViewConfig.h */,
				1A666DE85E3238F9516F7DD0 /* PlayerNormalView.m */,
				1A6667621E9700F37A34101A /* PlayerNormalView.h */,
			);
			path = PlayerNormalView;
			sourceTree = "<group>";
		};
		1A666D171F1D95C3EE51BD12 /* List */ = {
			isa = PBXGroup;
			children = (
				1A666BBB03D91CE396E53390 /* PlayerCategroiesDataVM.swift */,
				1A666499B7D6E4C86D51AB24 /* PlayerCategroryDto.swift */,
				1A666CF3E6F4334EABEF6FAD /* PlayerCategroryCell.swift */,
				1A66674451C5C4B1D674AB84 /* PlayerCategroiesTableController.swift */,
			);
			path = List;
			sourceTree = "<group>";
		};
		1A666DF72E9197FA7F7CCCC9 /* Vendor */ = {
			isa = PBXGroup;
			children = (
				1A666438B0CBAB23E6F47A7B /* MMPopupView */,
			);
			path = Vendor;
			sourceTree = "<group>";
		};
		1A666F6D5926D514870E08AA /* Player */ = {
			isa = PBXGroup;
			children = (
				1A666BFAC0B27A1493AFD0FB /* PlayerNormalController.m */,
				1A666F217FD41BD1585C54B0 /* PlayerNormalController.h */,
				1A6669BD5C17C0A569888E59 /* PlayerNormalDataVM.m */,
				1A6660DD1196B32016077846 /* PlayerNormalDataVM.h */,
				1A6667219B28351BBCC9880F /* PlayerNormalDto.m */,
				1A666F43E67FB2BB15CEC664 /* PlayerNormalDto.h */,
				1A666415603B64106A02A1CE /* PlayerNormalController+AutoRotate.m */,
				1A6666154010E62100FC8852 /* PlayerNormalController+AutoRotate.h */,
			);
			path = Player;
			sourceTree = "<group>";
		};
		250A49B91FE3D38700F56C17 /* Products */ = {
			isa = PBXGroup;
			children = (
				250A49BD1FE3D38700F56C17 /* MCPlayerKit.framework */,
			);
			name = Products;
			sourceTree = "<group>";
		};
		250F1E981FFCE6A300F564AD /* Resources */ = {
			isa = PBXGroup;
			children = (
				250F1E991FFCE6A300F564AD /* Player.xcassets */,
			);
			path = Resources;
			sourceTree = "<group>";
		};
		25A536C21FDA9DFA002511DF = {
			isa = PBXGroup;
			children = (
				250F1E981FFCE6A300F564AD /* Resources */,
				25C1F18F1FE8E546007F39C2 /* lib */,
				250A49B81FE3D38700F56C17 /* MCPlayerKit.xcodeproj */,
				25A536CD1FDA9DFA002511DF /* PlayerKitDemo */,
				25A536CC1FDA9DFA002511DF /* Products */,
				1A666455D4EE0B61850DA629 /* Classes */,
				7062D7D4308A7A0511E5863E /* Pods */,
				F1F52EFE25A5E7898BEEBC34 /* Frameworks */,
			);
			sourceTree = "<group>";
		};
		25A536CC1FDA9DFA002511DF /* Products */ = {
			isa = PBXGroup;
			children = (
				25A536CB1FDA9DFA002511DF /* PlayerKitDemo.app */,
			);
			name = Products;
			sourceTree = "<group>";
		};
		25A536CD1FDA9DFA002511DF /* PlayerKitDemo */ = {
			isa = PBXGroup;
			children = (
				25A536CE1FDA9DFA002511DF /* AppDelegate.h */,
				25A536CF1FDA9DFA002511DF /* AppDelegate.m */,
				25A536D71FDA9DFA002511DF /* Assets.xcassets */,
				25A536D91FDA9DFA002511DF /* LaunchScreen.storyboard */,
				25A536DC1FDA9DFA002511DF /* Info.plist */,
				25A536DD1FDA9DFA002511DF /* main.m */,
			);
			path = PlayerKitDemo;
			sourceTree = "<group>";
		};
		25C1F18F1FE8E546007F39C2 /* lib */ = {
			isa = PBXGroup;
			children = (
				25C1F1901FE8E546007F39C2 /* IJKMediaFramework.framework */,
			);
			path = lib;
			sourceTree = "<group>";
		};
		7062D7D4308A7A0511E5863E /* Pods */ = {
			isa = PBXGroup;
			children = (
				658AF439C28156EB4B42FE20 /* Pods-PlayerKitDemo.debug.xcconfig */,
				B00A8E2810ED2A8E4D854DF1 /* Pods-PlayerKitDemo.release.xcconfig */,
			);
			name = Pods;
			sourceTree = "<group>";
		};
		F1F52EFE25A5E7898BEEBC34 /* Frameworks */ = {
			isa = PBXGroup;
			children = (
				25DE19561FE3EE1A005CD97C /* MetalKit.framework */,
				250A49E41FE3DFD400F56C17 /* Metal.framework */,
				250A49E21FE3DF9900F56C17 /* libc++.tbd */,
				250A49DE1FE3DDE300F56C17 /* UIKit.framework */,
				250A49DC1FE3DDDA00F56C17 /* QuartzCore.framework */,
				250A49DA1FE3DDD100F56C17 /* OpenGLES.framework */,
				250A49D81FE3DDC600F56C17 /* MobileCoreServices.framework */,
				250A49D61FE3DDBC00F56C17 /* MediaPlayer.framework */,
				250A49D41FE3DDB100F56C17 /* libz.tbd */,
				250A49D21FE3DDA800F56C17 /* libbz2.tbd */,
				250A49D01FE3DD9E00F56C17 /* CoreVideo.framework */,
				250A49CE1FE3DD9600F56C17 /* CoreMedia.framework */,
				250A49CC1FE3DD4C00F56C17 /* CoreGraphics.framework */,
				250A49CA1FE3DD4400F56C17 /* AVFoundation.framework */,
				250A49C81FE3DD2200F56C17 /* VideoToolbox.framework */,
				08E35018D0726C1C19647408 /* libPods-PlayerKitDemo.a */,
			);
			name = Frameworks;
			sourceTree = "<group>";
		};
/* End PBXGroup section */

/* Begin PBXNativeTarget section */
		25A536CA1FDA9DFA002511DF /* PlayerKitDemo */ = {
			isa = PBXNativeTarget;
			buildConfigurationList = 25A536E11FDA9DFA002511DF /* Build configuration list for PBXNativeTarget "PlayerKitDemo" */;
			buildPhases = (
				45EF85665E20EF707F2A7368 /* [CP] Check Pods Manifest.lock */,
				25A536C71FDA9DFA002511DF /* Sources */,
				25A536C81FDA9DFA002511DF /* Frameworks */,
				25A536C91FDA9DFA002511DF /* Resources */,
				25B2FAA31FE11EA900AFE8AC /* Embed Frameworks */,
			);
			buildRules = (
			);
			dependencies = (
				25C1F1881FE8E3E8007F39C2 /* PBXTargetDependency */,
				25C1F18D1FE8E412007F39C2 /* PBXTargetDependency */,
			);
			name = PlayerKitDemo;
			productName = PlayerKitDemo;
			productReference = 25A536CB1FDA9DFA002511DF /* PlayerKitDemo.app */;
			productType = "com.apple.product-type.application";
		};
/* End PBXNativeTarget section */

/* Begin PBXProject section */
		25A536C31FDA9DFA002511DF /* Project object */ = {
			isa = PBXProject;
			attributes = {
				LastUpgradeCheck = 0920;
				ORGANIZATIONNAME = majiancheng;
				TargetAttributes = {
					25A536CA1FDA9DFA002511DF = {
						CreatedOnToolsVersion = 9.2;
						ProvisioningStyle = Automatic;
					};
				};
			};
			buildConfigurationList = 25A536C61FDA9DFA002511DF /* Build configuration list for PBXProject "PlayerKitDemo" */;
			compatibilityVersion = "Xcode 8.0";
			developmentRegion = en;
			hasScannedForEncodings = 0;
			knownRegions = (
				en,
				Base,
			);
			mainGroup = 25A536C21FDA9DFA002511DF;
			productRefGroup = 25A536CC1FDA9DFA002511DF /* Products */;
			projectDirPath = "";
			projectReferences = (
				{
					ProductGroup = 250A49B91FE3D38700F56C17 /* Products */;
					ProjectRef = 250A49B81FE3D38700F56C17 /* MCPlayerKit.xcodeproj */;
				},
			);
			projectRoot = "";
			targets = (
				25A536CA1FDA9DFA002511DF /* PlayerKitDemo */,
			);
		};
/* End PBXProject section */

/* Begin PBXReferenceProxy section */
		250A49BD1FE3D38700F56C17 /* MCPlayerKit.framework */ = {
			isa = PBXReferenceProxy;
			fileType = wrapper.framework;
			path = MCPlayerKit.framework;
			remoteRef = 250A49BC1FE3D38700F56C17 /* PBXContainerItemProxy */;
			sourceTree = BUILT_PRODUCTS_DIR;
		};
/* End PBXReferenceProxy section */

/* Begin PBXResourcesBuildPhase section */
		25A536C91FDA9DFA002511DF /* Resources */ = {
			isa = PBXResourcesBuildPhase;
			buildActionMask = 2147483647;
			files = (
				25A536DB1FDA9DFA002511DF /* LaunchScreen.storyboard in Resources */,
				250F1E9A1FFCE6A300F564AD /* Player.xcassets in Resources */,
				25A536D81FDA9DFA002511DF /* Assets.xcassets in Resources */,
			);
			runOnlyForDeploymentPostprocessing = 0;
		};
/* End PBXResourcesBuildPhase section */

/* Begin PBXShellScriptBuildPhase section */
		45EF85665E20EF707F2A7368 /* [CP] Check Pods Manifest.lock */ = {
			isa = PBXShellScriptBuildPhase;
			buildActionMask = 2147483647;
			files = (
			);
			inputPaths = (
				"${PODS_PODFILE_DIR_PATH}/Podfile.lock",
				"${PODS_ROOT}/Manifest.lock",
			);
			name = "[CP] Check Pods Manifest.lock";
			outputPaths = (
				"$(DERIVED_FILE_DIR)/Pods-PlayerKitDemo-checkManifestLockResult.txt",
			);
			runOnlyForDeploymentPostprocessing = 0;
			shellPath = /bin/sh;
			shellScript = "diff \"${PODS_PODFILE_DIR_PATH}/Podfile.lock\" \"${PODS_ROOT}/Manifest.lock\" > /dev/null\nif [ $? != 0 ] ; then\n    # print error to STDERR\n    echo \"error: The sandbox is not in sync with the Podfile.lock. Run 'pod install' or update your CocoaPods installation.\" >&2\n    exit 1\nfi\n# This output is used by Xcode 'outputs' to avoid re-running this script phase.\necho \"SUCCESS\" > \"${SCRIPT_OUTPUT_FILE_0}\"\n";
			showEnvVarsInLog = 0;
		};
/* End PBXShellScriptBuildPhase section */

/* Begin PBXSourcesBuildPhase section */
		25A536C71FDA9DFA002511DF /* Sources */ = {
			isa = PBXSourcesBuildPhase;
			buildActionMask = 2147483647;
			files = (
				25A536DE1FDA9DFA002511DF /* main.m in Sources */,
				25A536D01FDA9DFA002511DF /* AppDelegate.m in Sources */,
				1A666EE276F447E29E15925E /* PlayerNormalController.m in Sources */,
				1A6661B6AFC812F1D759377A /* PlayerNormalDataVM.m in Sources */,
				1A666A7427E5A27BDB29A472 /* PlayerNormalDto.m in Sources */,
				1A666FA14A28B6FB67C420B7 /* MCMediaNotify.m in Sources */,
				1A6669B7A22EFBEBC87B8E3C /* PlayerProgress.m in Sources */,
				1A6667E54C0212DFCC4480BA /* PlayerViewUtils.m in Sources */,
				1A666F2BE1EA683F111BA3EA /* PlayerLoadingView.m in Sources */,
				1A666EFAF6CE45D69FDDCBAB /* PlayerTerminalView.m in Sources */,
				1A666483DC99C3FBF4671320 /* PlayerViewConfig.m in Sources */,
				1A666B8B3C2335C3486B0FAF /* PlayerNormalView.m in Sources */,
				1A6663AC2BC2373F75B64B10 /* MMAlertView.m in Sources */,
				1A66604F7EB9AFB1448161B6 /* MMPopupItem.m in Sources */,
				1A666DACEB3C6FAB2D333453 /* MMPopupView.m in Sources */,
				1A666D0CF395EA3722AD1F19 /* MMSheetView.m in Sources */,
				1A66649D6B19C60372EAC2E6 /* MMPopupWindow.m in Sources */,
				1A666A18A48F26E0EF9EAF80 /* MMPopupCategory.m in Sources */,
				1A666B153AD34B6B2B2C6502 /* MMWindowController.m in Sources */,
				1A6663C8401920FCA3598762 /* PlayerNormalController+AutoRotate.m in Sources */,
				1A6668ACE3EA635D3C6BB1D7 /* ScrollPlayerController.m in Sources */,
				1A666EF1F800565628B441C1 /* ScrollPlayerDataVM.m in Sources */,
				1A66649A71107434CF6CC2E4 /* PlayerSimpleView.m in Sources */,
				1A6665CED2ABE0468B36A5D6 /* PlayerSimpleViewCell.m in Sources */,
				1A666B8DDEE35815F470AD50 /* TableViewPlaceHolderCell.m in Sources */,
				1A66632B898F6168847279EB /* VideoDto.m in Sources */,
				1A6667543C566B5161F332BB /* ScrollPlayer2SmallPlayerController.m in Sources */,
				1A666A3E5A208405FFB9654E /* SmallPlayerView.m in Sources */,
				1A6660523BCAA97E19AE5546 /* Dto.swift in Sources */,
				1A6665629A6B42392F1B5105 /* DataVM.swift in Sources */,
				1A6664C5226E76FBB05BB20E /* CollectionCell.swift in Sources */,
				1A6662244167B0FFD5E73030 /* MCController.swift in Sources */,
				1A6660327F1DDC13053E1F39 /* TableViewCell.swift in Sources */,
				1A666BE987CE6B2182C25787 /* PlayerCategroiesDataVM.swift in Sources */,
				1A66657CE6015EC014E84F32 /* PlayerCategroryDto.swift in Sources */,
				1A66680468523F67AA505EE1 /* PlayerCategroryCell.swift in Sources */,
				1A666EDFE137BFB396ABD1C4 /* PlayerCategroiesTableController.swift in Sources */,
			);
			runOnlyForDeploymentPostprocessing = 0;
		};
/* End PBXSourcesBuildPhase section */

/* Begin PBXTargetDependency section */
		25C1F1881FE8E3E8007F39C2 /* PBXTargetDependency */ = {
			isa = PBXTargetDependency;
			name = MCPlayerKit;
			targetProxy = 25C1F1871FE8E3E8007F39C2 /* PBXContainerItemProxy */;
		};
		25C1F18D1FE8E412007F39C2 /* PBXTargetDependency */ = {
			isa = PBXTargetDependency;
			name = MCPlayerKit;
			targetProxy = 25C1F18C1FE8E412007F39C2 /* PBXContainerItemProxy */;
		};
/* End PBXTargetDependency section */

/* Begin PBXVariantGroup section */
		25A536D91FDA9DFA002511DF /* LaunchScreen.storyboard */ = {
			isa = PBXVariantGroup;
			children = (
				25A536DA1FDA9DFA002511DF /* Base */,
			);
			name = LaunchScreen.storyboard;
			sourceTree = "<group>";
		};
/* End PBXVariantGroup section */

/* Begin XCBuildConfiguration section */
		25A536DF1FDA9DFA002511DF /* Debug */ = {
			isa = XCBuildConfiguration;
			buildSettings = {
				ALWAYS_SEARCH_USER_PATHS = NO;
				CLANG_ANALYZER_NONNULL = YES;
				CLANG_ANALYZER_NUMBER_OBJECT_CONVERSION = YES_AGGRESSIVE;
				CLANG_CXX_LANGUAGE_STANDARD = "gnu++14";
				CLANG_CXX_LIBRARY = "libc++";
				CLANG_ENABLE_MODULES = YES;
				CLANG_ENABLE_OBJC_ARC = YES;
				CLANG_WARN_BLOCK_CAPTURE_AUTORELEASING = YES;
				CLANG_WARN_BOOL_CONVERSION = YES;
				CLANG_WARN_COMMA = YES;
				CLANG_WARN_CONSTANT_CONVERSION = YES;
				CLANG_WARN_DIRECT_OBJC_ISA_USAGE = YES_ERROR;
				CLANG_WARN_DOCUMENTATION_COMMENTS = YES;
				CLANG_WARN_EMPTY_BODY = YES;
				CLANG_WARN_ENUM_CONVERSION = YES;
				CLANG_WARN_INFINITE_RECURSION = YES;
				CLANG_WARN_INT_CONVERSION = YES;
				CLANG_WARN_NON_LITERAL_NULL_CONVERSION = YES;
				CLANG_WARN_OBJC_LITERAL_CONVERSION = YES;
				CLANG_WARN_OBJC_ROOT_CLASS = YES_ERROR;
				CLANG_WARN_RANGE_LOOP_ANALYSIS = YES;
				CLANG_WARN_STRICT_PROTOTYPES = YES;
				CLANG_WARN_SUSPICIOUS_MOVE = YES;
				CLANG_WARN_UNGUARDED_AVAILABILITY = YES_AGGRESSIVE;
				CLANG_WARN_UNREACHABLE_CODE = YES;
				CLANG_WARN__DUPLICATE_METHOD_MATCH = YES;
				CODE_SIGN_IDENTITY = "iPhone Developer";
				COPY_PHASE_STRIP = NO;
				DEBUG_INFORMATION_FORMAT = dwarf;
				ENABLE_STRICT_OBJC_MSGSEND = YES;
				ENABLE_TESTABILITY = YES;
				GCC_C_LANGUAGE_STANDARD = gnu11;
				GCC_DYNAMIC_NO_PIC = NO;
				GCC_NO_COMMON_BLOCKS = YES;
				GCC_OPTIMIZATION_LEVEL = 0;
				GCC_PREPROCESSOR_DEFINITIONS = (
					"DEBUG=1",
					"$(inherited)",
				);
				GCC_WARN_64_TO_32_BIT_CONVERSION = YES;
				GCC_WARN_ABOUT_RETURN_TYPE = YES_ERROR;
				GCC_WARN_UNDECLARED_SELECTOR = YES;
				GCC_WARN_UNINITIALIZED_AUTOS = YES_AGGRESSIVE;
				GCC_WARN_UNUSED_FUNCTION = YES;
				GCC_WARN_UNUSED_VARIABLE = YES;
				IPHONEOS_DEPLOYMENT_TARGET = 8.0;
				MTL_ENABLE_DEBUG_INFO = YES;
				ONLY_ACTIVE_ARCH = YES;
				SDKROOT = iphoneos;
			};
			name = Debug;
		};
		25A536E01FDA9DFA002511DF /* Release */ = {
			isa = XCBuildConfiguration;
			buildSettings = {
				ALWAYS_SEARCH_USER_PATHS = NO;
				CLANG_ANALYZER_NONNULL = YES;
				CLANG_ANALYZER_NUMBER_OBJECT_CONVERSION = YES_AGGRESSIVE;
				CLANG_CXX_LANGUAGE_STANDARD = "gnu++14";
				CLANG_CXX_LIBRARY = "libc++";
				CLANG_ENABLE_MODULES = YES;
				CLANG_ENABLE_OBJC_ARC = YES;
				CLANG_WARN_BLOCK_CAPTURE_AUTORELEASING = YES;
				CLANG_WARN_BOOL_CONVERSION = YES;
				CLANG_WARN_COMMA = YES;
				CLANG_WARN_CONSTANT_CONVERSION = YES;
				CLANG_WARN_DIRECT_OBJC_ISA_USAGE = YES_ERROR;
				CLANG_WARN_DOCUMENTATION_COMMENTS = YES;
				CLANG_WARN_EMPTY_BODY = YES;
				CLANG_WARN_ENUM_CONVERSION = YES;
				CLANG_WARN_INFINITE_RECURSION = YES;
				CLANG_WARN_INT_CONVERSION = YES;
				CLANG_WARN_NON_LITERAL_NULL_CONVERSION = YES;
				CLANG_WARN_OBJC_LITERAL_CONVERSION = YES;
				CLANG_WARN_OBJC_ROOT_CLASS = YES_ERROR;
				CLANG_WARN_RANGE_LOOP_ANALYSIS = YES;
				CLANG_WARN_STRICT_PROTOTYPES = YES;
				CLANG_WARN_SUSPICIOUS_MOVE = YES;
				CLANG_WARN_UNGUARDED_AVAILABILITY = YES_AGGRESSIVE;
				CLANG_WARN_UNREACHABLE_CODE = YES;
				CLANG_WARN__DUPLICATE_METHOD_MATCH = YES;
				CODE_SIGN_IDENTITY = "iPhone Developer";
				COPY_PHASE_STRIP = NO;
				DEBUG_INFORMATION_FORMAT = "dwarf-with-dsym";
				ENABLE_NS_ASSERTIONS = NO;
				ENABLE_STRICT_OBJC_MSGSEND = YES;
				GCC_C_LANGUAGE_STANDARD = gnu11;
				GCC_NO_COMMON_BLOCKS = YES;
				GCC_WARN_64_TO_32_BIT_CONVERSION = YES;
				GCC_WARN_ABOUT_RETURN_TYPE = YES_ERROR;
				GCC_WARN_UNDECLARED_SELECTOR = YES;
				GCC_WARN_UNINITIALIZED_AUTOS = YES_AGGRESSIVE;
				GCC_WARN_UNUSED_FUNCTION = YES;
				GCC_WARN_UNUSED_VARIABLE = YES;
				IPHONEOS_DEPLOYMENT_TARGET = 8.0;
				MTL_ENABLE_DEBUG_INFO = NO;
				SDKROOT = iphoneos;
				VALIDATE_PRODUCT = YES;
			};
			name = Release;
		};
		25A536E21FDA9DFA002511DF /* Debug */ = {
			isa = XCBuildConfiguration;
			baseConfigurationReference = 658AF439C28156EB4B42FE20 /* Pods-PlayerKitDemo.debug.xcconfig */;
			buildSettings = {
				ASSETCATALOG_COMPILER_APPICON_NAME = AppIcon;
				CODE_SIGN_STYLE = Automatic;
				DEVELOPMENT_TEAM = D8RJFY6RH2;
				FRAMEWORK_SEARCH_PATHS = (
					"$(inherited)",
					"$(PROJECT_DIR)",
				);
				INFOPLIST_FILE = PlayerKitDemo/Info.plist;
				IPHONEOS_DEPLOYMENT_TARGET = 8.0;
				LD_RUNPATH_SEARCH_PATHS = "$(inherited) @executable_path/Frameworks";
				PRODUCT_BUNDLE_IDENTIFIER = com.mjc.PlayerKitDemo;
				PRODUCT_NAME = "$(TARGET_NAME)";
				TARGETED_DEVICE_FAMILY = "1,2";
			};
			name = Debug;
		};
		25A536E31FDA9DFA002511DF /* Release */ = {
			isa = XCBuildConfiguration;
			baseConfigurationReference = B00A8E2810ED2A8E4D854DF1 /* Pods-PlayerKitDemo.release.xcconfig */;
			buildSettings = {
				ASSETCATALOG_COMPILER_APPICON_NAME = AppIcon;
				CODE_SIGN_STYLE = Automatic;
				DEVELOPMENT_TEAM = D8RJFY6RH2;
				FRAMEWORK_SEARCH_PATHS = (
					"$(inherited)",
					"$(PROJECT_DIR)",
				);
				INFOPLIST_FILE = PlayerKitDemo/Info.plist;
				IPHONEOS_DEPLOYMENT_TARGET = 8.0;
				LD_RUNPATH_SEARCH_PATHS = "$(inherited) @executable_path/Frameworks";
				PRODUCT_BUNDLE_IDENTIFIER = com.mjc.PlayerKitDemo;
				PRODUCT_NAME = "$(TARGET_NAME)";
				TARGETED_DEVICE_FAMILY = "1,2";
			};
			name = Release;
		};
/* End XCBuildConfiguration section */

/* Begin XCConfigurationList section */
		25A536C61FDA9DFA002511DF /* Build configuration list for PBXProject "PlayerKitDemo" */ = {
			isa = XCConfigurationList;
			buildConfigurations = (
				25A536DF1FDA9DFA002511DF /* Debug */,
				25A536E01FDA9DFA002511DF /* Release */,
			);
			defaultConfigurationIsVisible = 0;
			defaultConfigurationName = Release;
		};
		25A536E11FDA9DFA002511DF /* Build configuration list for PBXNativeTarget "PlayerKitDemo" */ = {
			isa = XCConfigurationList;
			buildConfigurations = (
				25A536E21FDA9DFA002511DF /* Debug */,
				25A536E31FDA9DFA002511DF /* Release */,
			);
			defaultConfigurationIsVisible = 0;
			defaultConfigurationName = Release;
		};
/* End XCConfigurationList section */
	};
	rootObject = 25A536C31FDA9DFA002511DF /* Project object */;
}
